// !$*UTF8*$!
{
	archiveVersion = 1;
	classes = {
	};
	objectVersion = 46;
	objects = {

/* Begin PBXBuildFile section */
		81612A681B656CA4009A7E44 /* SectionController.m in Sources */ = {isa = PBXBuildFile; fileRef = 81612A671B656CA4009A7E44 /* SectionController.m */; };
		81612A6B1B656DBE009A7E44 /* RowController.m in Sources */ = {isa = PBXBuildFile; fileRef = 81612A6A1B656DBE009A7E44 /* RowController.m */; };
		81612A6E1B656DEA009A7E44 /* SeatController.m in Sources */ = {isa = PBXBuildFile; fileRef = 81612A6D1B656DEA009A7E44 /* SeatController.m */; };
		81612A721B656E79009A7E44 /* LevelController.m in Sources */ = {isa = PBXBuildFile; fileRef = 81612A711B656E79009A7E44 /* LevelController.m */; };
		8161E3471B69D7ED00857B95 /* CircleTableViewCell.m in Sources */ = {isa = PBXBuildFile; fileRef = 8161E3461B69D7ED00857B95 /* CircleTableViewCell.m */; };
		81A0F8CA1B13A22B007508CE /* Configuration.m in Sources */ = {isa = PBXBuildFile; fileRef = 81A0F8C91B13A22B007508CE /* Configuration.m */; };
		84067FEC183B073200232065 /* CountDownTimerUtility.m in Sources */ = {isa = PBXBuildFile; fileRef = 84067FEB183B073200232065 /* CountDownTimerUtility.m */; };
		84157950181A286800D4EBB1 /* Foundation.framework in Frameworks */ = {isa = PBXBuildFile; fileRef = 8415794F181A286800D4EBB1 /* Foundation.framework */; };
		84157952181A286800D4EBB1 /* CoreGraphics.framework in Frameworks */ = {isa = PBXBuildFile; fileRef = 84157951181A286800D4EBB1 /* CoreGraphics.framework */; };
		84157954181A286800D4EBB1 /* UIKit.framework in Frameworks */ = {isa = PBXBuildFile; fileRef = 84157953181A286800D4EBB1 /* UIKit.framework */; };
		8415795A181A286800D4EBB1 /* InfoPlist.strings in Resources */ = {isa = PBXBuildFile; fileRef = 84157958181A286800D4EBB1 /* InfoPlist.strings */; };
		8415795C181A286800D4EBB1 /* main.m in Sources */ = {isa = PBXBuildFile; fileRef = 8415795B181A286800D4EBB1 /* main.m */; };
		84157960181A286800D4EBB1 /* AppDelegate.m in Sources */ = {isa = PBXBuildFile; fileRef = 8415795F181A286800D4EBB1 /* AppDelegate.m */; };
		84157963181A286800D4EBB1 /* Main.storyboard in Resources */ = {isa = PBXBuildFile; fileRef = 84157961181A286800D4EBB1 /* Main.storyboard */; };
		84157966181A286800D4EBB1 /* LiteWaveController.m in Sources */ = {isa = PBXBuildFile; fileRef = 84157965181A286800D4EBB1 /* LiteWaveController.m */; };
		84157968181A286800D4EBB1 /* Images.xcassets in Resources */ = {isa = PBXBuildFile; fileRef = 84157967181A286800D4EBB1 /* Images.xcassets */; };
		8415796F181A286800D4EBB1 /* XCTest.framework in Frameworks */ = {isa = PBXBuildFile; fileRef = 8415796E181A286800D4EBB1 /* XCTest.framework */; };
		84157970181A286800D4EBB1 /* Foundation.framework in Frameworks */ = {isa = PBXBuildFile; fileRef = 8415794F181A286800D4EBB1 /* Foundation.framework */; };
		84157971181A286800D4EBB1 /* UIKit.framework in Frameworks */ = {isa = PBXBuildFile; fileRef = 84157953181A286800D4EBB1 /* UIKit.framework */; };
		84157979181A286800D4EBB1 /* InfoPlist.strings in Resources */ = {isa = PBXBuildFile; fileRef = 84157977181A286800D4EBB1 /* InfoPlist.strings */; };
		8415797B181A286900D4EBB1 /* LiteWaveTests.m in Sources */ = {isa = PBXBuildFile; fileRef = 8415797A181A286900D4EBB1 /* LiteWaveTests.m */; };
		841579B9181A4A5E00D4EBB1 /* CFNetwork.framework in Frameworks */ = {isa = PBXBuildFile; fileRef = 841579B8181A4A5E00D4EBB1 /* CFNetwork.framework */; };
		841579BB181A4A7800D4EBB1 /* CoreLocation.framework in Frameworks */ = {isa = PBXBuildFile; fileRef = 841579BA181A4A7800D4EBB1 /* CoreLocation.framework */; };
		841579BD181A4A8100D4EBB1 /* CoreMotion.framework in Frameworks */ = {isa = PBXBuildFile; fileRef = 841579BC181A4A8000D4EBB1 /* CoreMotion.framework */; };
		84446C18182703C4002D8BDC /* blueBtn.png in Resources */ = {isa = PBXBuildFile; fileRef = 84446C16182703C4002D8BDC /* blueBtn.png */; };
		84446C19182703C4002D8BDC /* yellowBtn.png in Resources */ = {isa = PBXBuildFile; fileRef = 84446C17182703C4002D8BDC /* yellowBtn.png */; };
		84446C1C1827045D002D8BDC /* SeatsController.m in Sources */ = {isa = PBXBuildFile; fileRef = 84446C1B1827045D002D8BDC /* SeatsController.m */; };
		84446C24182CB1AC002D8BDC /* ShowController.m in Sources */ = {isa = PBXBuildFile; fileRef = 84446C23182CB1AC002D8BDC /* ShowController.m */; };
		845CD918181DC94B004932BF /* Default-568h@2x~iphone.png in Resources */ = {isa = PBXBuildFile; fileRef = 845CD904181DC94B004932BF /* Default-568h@2x~iphone.png */; };
		845CD919181DC94B004932BF /* Default~iphone.png in Resources */ = {isa = PBXBuildFile; fileRef = 845CD905181DC94B004932BF /* Default~iphone.png */; };
		845CD91A181DC94B004932BF /* Default.png in Resources */ = {isa = PBXBuildFile; fileRef = 845CD906181DC94B004932BF /* Default.png */; };
		845CD91B181DC94B004932BF /* Icon-40.png in Resources */ = {isa = PBXBuildFile; fileRef = 845CD908181DC94B004932BF /* Icon-40.png */; };
		845CD91C181DC94B004932BF /* Icon-40@2x.png in Resources */ = {isa = PBXBuildFile; fileRef = 845CD909181DC94B004932BF /* Icon-40@2x.png */; };
		845CD91D181DC94B004932BF /* Icon-60.png in Resources */ = {isa = PBXBuildFile; fileRef = 845CD90A181DC94B004932BF /* Icon-60.png */; };
		845CD91E181DC94B004932BF /* Icon-60@2x.png in Resources */ = {isa = PBXBuildFile; fileRef = 845CD90B181DC94B004932BF /* Icon-60@2x.png */; };
		845CD91F181DC94B004932BF /* Icon-72.png in Resources */ = {isa = PBXBuildFile; fileRef = 845CD90C181DC94B004932BF /* Icon-72.png */; };
		845CD920181DC94B004932BF /* Icon-72@2x.png in Resources */ = {isa = PBXBuildFile; fileRef = 845CD90D181DC94B004932BF /* Icon-72@2x.png */; };
		845CD921181DC94B004932BF /* Icon-76.png in Resources */ = {isa = PBXBuildFile; fileRef = 845CD90E181DC94B004932BF /* Icon-76.png */; };
		845CD922181DC94B004932BF /* Icon-76@2x.png in Resources */ = {isa = PBXBuildFile; fileRef = 845CD90F181DC94B004932BF /* Icon-76@2x.png */; };
		845CD923181DC94B004932BF /* Icon-Small-50.png in Resources */ = {isa = PBXBuildFile; fileRef = 845CD910181DC94B004932BF /* Icon-Small-50.png */; };
		845CD924181DC94B004932BF /* Icon-Small-50@2x.png in Resources */ = {isa = PBXBuildFile; fileRef = 845CD911181DC94B004932BF /* Icon-Small-50@2x.png */; };
		845CD925181DC94B004932BF /* Icon-Small.png in Resources */ = {isa = PBXBuildFile; fileRef = 845CD912181DC94B004932BF /* Icon-Small.png */; };
		845CD926181DC94B004932BF /* Icon-Small@2x.png in Resources */ = {isa = PBXBuildFile; fileRef = 845CD913181DC94B004932BF /* Icon-Small@2x.png */; };
		845CD927181DC94B004932BF /* Icon.png in Resources */ = {isa = PBXBuildFile; fileRef = 845CD914181DC94B004932BF /* Icon.png */; };
		845CD928181DC94B004932BF /* Icon@2x.png in Resources */ = {isa = PBXBuildFile; fileRef = 845CD915181DC94B004932BF /* Icon@2x.png */; };
		845CD929181DC94B004932BF /* iTunesArtwork.png in Resources */ = {isa = PBXBuildFile; fileRef = 845CD916181DC94B004932BF /* iTunesArtwork.png */; };
		845CD92A181DC94B004932BF /* iTunesArtwork@2x.png in Resources */ = {isa = PBXBuildFile; fileRef = 845CD917181DC94B004932BF /* iTunesArtwork@2x.png */; };
		845CD92E1825DE54004932BF /* User.m in Sources */ = {isa = PBXBuildFile; fileRef = 845CD92D1825DE54004932BF /* User.m */; };
		845CD9311825E377004932BF /* Event.m in Sources */ = {isa = PBXBuildFile; fileRef = 845CD9301825E377004932BF /* Event.m */; };
		845CD9341826FCCA004932BF /* Show.m in Sources */ = {isa = PBXBuildFile; fileRef = 845CD9331826FCCA004932BF /* Show.m */; };
		846360561834A95D00B3B0D5 /* redBtn.png in Resources */ = {isa = PBXBuildFile; fileRef = 846360551834A95D00B3B0D5 /* redBtn.png */; };
		846360581834B10700B3B0D5 /* blackBtn.png in Resources */ = {isa = PBXBuildFile; fileRef = 846360571834B10700B3B0D5 /* blackBtn.png */; };
		84789ECF181C65DB00FC59E4 /* AFHTTPClient.m in Sources */ = {isa = PBXBuildFile; fileRef = 84789D95181C65DA00FC59E4 /* AFHTTPClient.m */; };
		84789ED0181C65DB00FC59E4 /* AFHTTPRequestOperation.m in Sources */ = {isa = PBXBuildFile; fileRef = 84789D97181C65DA00FC59E4 /* AFHTTPRequestOperation.m */; };
		84789ED1181C65DB00FC59E4 /* AFImageCache.m in Sources */ = {isa = PBXBuildFile; fileRef = 84789D99181C65DA00FC59E4 /* AFImageCache.m */; };
		84789ED2181C65DB00FC59E4 /* AFImageRequestOperation.m in Sources */ = {isa = PBXBuildFile; fileRef = 84789D9B181C65DA00FC59E4 /* AFImageRequestOperation.m */; };
		84789ED3181C65DB00FC59E4 /* AFJSONRequestOperation.m in Sources */ = {isa = PBXBuildFile; fileRef = 84789D9D181C65DA00FC59E4 /* AFJSONRequestOperation.m */; };
		84789ED4181C65DB00FC59E4 /* AFNetworkActivityIndicatorManager.m in Sources */ = {isa = PBXBuildFile; fileRef = 84789D9F181C65DA00FC59E4 /* AFNetworkActivityIndicatorManager.m */; };
		84789ED5181C65DB00FC59E4 /* AFPropertyListRequestOperation.m in Sources */ = {isa = PBXBuildFile; fileRef = 84789DA2181C65DA00FC59E4 /* AFPropertyListRequestOperation.m */; };
		84789ED6181C65DB00FC59E4 /* AFURLConnectionOperation.m in Sources */ = {isa = PBXBuildFile; fileRef = 84789DA4181C65DA00FC59E4 /* AFURLConnectionOperation.m */; };
		84789ED7181C65DB00FC59E4 /* AFXMLRequestOperation.m in Sources */ = {isa = PBXBuildFile; fileRef = 84789DA6181C65DA00FC59E4 /* AFXMLRequestOperation.m */; };
		84789ED8181C65DB00FC59E4 /* UIImageView+AFNetworking.m in Sources */ = {isa = PBXBuildFile; fileRef = 84789DA8181C65DA00FC59E4 /* UIImageView+AFNetworking.m */; };
		84789EFD181C65DB00FC59E4 /* NSObject+SBJSON.m in Sources */ = {isa = PBXBuildFile; fileRef = 84789DFD181C65DA00FC59E4 /* NSObject+SBJSON.m */; };
		84789EFE181C65DB00FC59E4 /* NSString+SBJSON.m in Sources */ = {isa = PBXBuildFile; fileRef = 84789DFF181C65DA00FC59E4 /* NSString+SBJSON.m */; };
		84789EFF181C65DB00FC59E4 /* SBJSON.m in Sources */ = {isa = PBXBuildFile; fileRef = 84789E01181C65DA00FC59E4 /* SBJSON.m */; };
		84789F00181C65DB00FC59E4 /* SBJsonBase.m in Sources */ = {isa = PBXBuildFile; fileRef = 84789E03181C65DA00FC59E4 /* SBJsonBase.m */; };
		84789F01181C65DB00FC59E4 /* SBJsonParser.m in Sources */ = {isa = PBXBuildFile; fileRef = 84789E05181C65DA00FC59E4 /* SBJsonParser.m */; };
		84789F02181C65DB00FC59E4 /* SBJsonWriter.m in Sources */ = {isa = PBXBuildFile; fileRef = 84789E07181C65DA00FC59E4 /* SBJsonWriter.m */; };
		84789F03181C65DB00FC59E4 /* JSONKit.m in Sources */ = {isa = PBXBuildFile; fileRef = 84789E0A181C65DA00FC59E4 /* JSONKit.m */; };
		84789F35181C65DB00FC59E4 /* Reachability.m in Sources */ = {isa = PBXBuildFile; fileRef = 84789E7C181C65DB00FC59E4 /* Reachability.m */; };
		84789FC6181C65E400FC59E4 /* NSArray+Extensions.m in Sources */ = {isa = PBXBuildFile; fileRef = 84789F64181C65E400FC59E4 /* NSArray+Extensions.m */; };
		84789FC7181C65E400FC59E4 /* NSDictionary+Extensions.m in Sources */ = {isa = PBXBuildFile; fileRef = 84789F66181C65E400FC59E4 /* NSDictionary+Extensions.m */; };
		84789FC8181C65E400FC59E4 /* NSUserDefaults+Extensions.m in Sources */ = {isa = PBXBuildFile; fileRef = 84789F68181C65E400FC59E4 /* NSUserDefaults+Extensions.m */; };
		84789FF6181C66B800FC59E4 /* MobileCoreServices.framework in Frameworks */ = {isa = PBXBuildFile; fileRef = 84789FF5181C66B800FC59E4 /* MobileCoreServices.framework */; };
		84789FF8181C66CB00FC59E4 /* SystemConfiguration.framework in Frameworks */ = {isa = PBXBuildFile; fileRef = 84789FF7181C66CB00FC59E4 /* SystemConfiguration.framework */; };
		84789FFA181C66DB00FC59E4 /* MessageUI.framework in Frameworks */ = {isa = PBXBuildFile; fileRef = 84789FF9181C66DB00FC59E4 /* MessageUI.framework */; };
		84789FFC181C66F100FC59E4 /* Social.framework in Frameworks */ = {isa = PBXBuildFile; fileRef = 84789FFB181C66F100FC59E4 /* Social.framework */; };
		8478A004181C779B00FC59E4 /* Stadium.m in Sources */ = {isa = PBXBuildFile; fileRef = 84789FFF181C779B00FC59E4 /* Stadium.m */; };
		84AB8D571835C54A00E3E8AE /* ReadyController.m in Sources */ = {isa = PBXBuildFile; fileRef = 84AB8D561835C54A00E3E8AE /* ReadyController.m */; };
		84AB8D5E1835F22300E3E8AE /* APIClient.m in Sources */ = {isa = PBXBuildFile; fileRef = 84AB8D5D1835F22300E3E8AE /* APIClient.m */; };
		84EFEF3C182CBC9100E3DD89 /* ResultsController.m in Sources */ = {isa = PBXBuildFile; fileRef = 84EFEF3B182CBC9100E3DD89 /* ResultsController.m */; };
/* End PBXBuildFile section */

/* Begin PBXContainerItemProxy section */
		84157972181A286800D4EBB1 /* PBXContainerItemProxy */ = {
			isa = PBXContainerItemProxy;
			containerPortal = 84157944181A286800D4EBB1 /* Project object */;
			proxyType = 1;
			remoteGlobalIDString = 8415794B181A286800D4EBB1;
			remoteInfo = LightWave;
		};
/* End PBXContainerItemProxy section */

/* Begin PBXFileReference section */
		81612A661B656C5B009A7E44 /* SectionController.h */ = {isa = PBXFileReference; fileEncoding = 4; lastKnownFileType = sourcecode.c.h; path = SectionController.h; sourceTree = "<group>"; };
		81612A671B656CA4009A7E44 /* SectionController.m */ = {isa = PBXFileReference; fileEncoding = 4; lastKnownFileType = sourcecode.c.objc; path = SectionController.m; sourceTree = "<group>"; };
		81612A691B656DAB009A7E44 /* RowController.h */ = {isa = PBXFileReference; fileEncoding = 4; lastKnownFileType = sourcecode.c.h; path = RowController.h; sourceTree = "<group>"; };
		81612A6A1B656DBE009A7E44 /* RowController.m */ = {isa = PBXFileReference; fileEncoding = 4; lastKnownFileType = sourcecode.c.objc; path = RowController.m; sourceTree = "<group>"; };
		81612A6C1B656DD8009A7E44 /* SeatController.h */ = {isa = PBXFileReference; lastKnownFileType = sourcecode.c.h; path = SeatController.h; sourceTree = "<group>"; };
		81612A6D1B656DEA009A7E44 /* SeatController.m */ = {isa = PBXFileReference; fileEncoding = 4; lastKnownFileType = sourcecode.c.objc; path = SeatController.m; sourceTree = "<group>"; };
		81612A701B656E69009A7E44 /* LevelController.h */ = {isa = PBXFileReference; fileEncoding = 4; lastKnownFileType = sourcecode.c.h; path = LevelController.h; sourceTree = "<group>"; };
		81612A711B656E79009A7E44 /* LevelController.m */ = {isa = PBXFileReference; fileEncoding = 4; lastKnownFileType = sourcecode.c.objc; path = LevelController.m; sourceTree = "<group>"; };
		8161E3451B69D7ED00857B95 /* CircleTableViewCell.h */ = {isa = PBXFileReference; fileEncoding = 4; lastKnownFileType = sourcecode.c.h; path = CircleTableViewCell.h; sourceTree = "<group>"; };
		8161E3461B69D7ED00857B95 /* CircleTableViewCell.m */ = {isa = PBXFileReference; fileEncoding = 4; lastKnownFileType = sourcecode.c.objc; path = CircleTableViewCell.m; sourceTree = "<group>"; };
		81A0F8C81B139FF6007508CE /* Configuration.h */ = {isa = PBXFileReference; lastKnownFileType = sourcecode.c.h; path = Configuration.h; sourceTree = "<group>"; };
		81A0F8C91B13A22B007508CE /* Configuration.m */ = {isa = PBXFileReference; fileEncoding = 4; lastKnownFileType = sourcecode.c.objc; path = Configuration.m; sourceTree = "<group>"; };
		84067FEA183B073200232065 /* CountDownTimerUtility.h */ = {isa = PBXFileReference; fileEncoding = 4; lastKnownFileType = sourcecode.c.h; path = CountDownTimerUtility.h; sourceTree = "<group>"; };
		84067FEB183B073200232065 /* CountDownTimerUtility.m */ = {isa = PBXFileReference; fileEncoding = 4; lastKnownFileType = sourcecode.c.objc; path = CountDownTimerUtility.m; sourceTree = "<group>"; };
		8415794C181A286800D4EBB1 /* LiteWave.app */ = {isa = PBXFileReference; explicitFileType = wrapper.application; includeInIndex = 0; path = LiteWave.app; sourceTree = BUILT_PRODUCTS_DIR; };
		8415794F181A286800D4EBB1 /* Foundation.framework */ = {isa = PBXFileReference; lastKnownFileType = wrapper.framework; name = Foundation.framework; path = System/Library/Frameworks/Foundation.framework; sourceTree = SDKROOT; };
		84157951181A286800D4EBB1 /* CoreGraphics.framework */ = {isa = PBXFileReference; lastKnownFileType = wrapper.framework; name = CoreGraphics.framework; path = System/Library/Frameworks/CoreGraphics.framework; sourceTree = SDKROOT; };
		84157953181A286800D4EBB1 /* UIKit.framework */ = {isa = PBXFileReference; lastKnownFileType = wrapper.framework; name = UIKit.framework; path = System/Library/Frameworks/UIKit.framework; sourceTree = SDKROOT; };
		84157957181A286800D4EBB1 /* LiteWave-Info.plist */ = {isa = PBXFileReference; lastKnownFileType = text.plist.xml; path = "LiteWave-Info.plist"; sourceTree = "<group>"; };
		84157959181A286800D4EBB1 /* en */ = {isa = PBXFileReference; lastKnownFileType = text.plist.strings; name = en; path = en.lproj/InfoPlist.strings; sourceTree = "<group>"; };
		8415795B181A286800D4EBB1 /* main.m */ = {isa = PBXFileReference; lastKnownFileType = sourcecode.c.objc; path = main.m; sourceTree = "<group>"; };
		8415795D181A286800D4EBB1 /* LiteWave-Prefix.pch */ = {isa = PBXFileReference; lastKnownFileType = sourcecode.c.h; path = "LiteWave-Prefix.pch"; sourceTree = "<group>"; };
		8415795E181A286800D4EBB1 /* AppDelegate.h */ = {isa = PBXFileReference; lastKnownFileType = sourcecode.c.h; path = AppDelegate.h; sourceTree = "<group>"; };
		8415795F181A286800D4EBB1 /* AppDelegate.m */ = {isa = PBXFileReference; lastKnownFileType = sourcecode.c.objc; path = AppDelegate.m; sourceTree = "<group>"; };
		84157964181A286800D4EBB1 /* LiteWaveController.h */ = {isa = PBXFileReference; lastKnownFileType = sourcecode.c.h; path = LiteWaveController.h; sourceTree = "<group>"; };
		84157965181A286800D4EBB1 /* LiteWaveController.m */ = {isa = PBXFileReference; lastKnownFileType = sourcecode.c.objc; path = LiteWaveController.m; sourceTree = "<group>"; };
		84157967181A286800D4EBB1 /* Images.xcassets */ = {isa = PBXFileReference; lastKnownFileType = folder.assetcatalog; path = Images.xcassets; sourceTree = "<group>"; };
		8415796D181A286800D4EBB1 /* LiteWaveTests.xctest */ = {isa = PBXFileReference; explicitFileType = wrapper.cfbundle; includeInIndex = 0; path = LiteWaveTests.xctest; sourceTree = BUILT_PRODUCTS_DIR; };
		8415796E181A286800D4EBB1 /* XCTest.framework */ = {isa = PBXFileReference; lastKnownFileType = wrapper.framework; name = XCTest.framework; path = Library/Frameworks/XCTest.framework; sourceTree = DEVELOPER_DIR; };
		84157976181A286800D4EBB1 /* LightWaveTests-Info.plist */ = {isa = PBXFileReference; lastKnownFileType = text.plist.xml; path = "LightWaveTests-Info.plist"; sourceTree = "<group>"; };
		84157978181A286800D4EBB1 /* en */ = {isa = PBXFileReference; lastKnownFileType = text.plist.strings; name = en; path = en.lproj/InfoPlist.strings; sourceTree = "<group>"; };
		8415797A181A286900D4EBB1 /* LiteWaveTests.m */ = {isa = PBXFileReference; lastKnownFileType = sourcecode.c.objc; path = LiteWaveTests.m; sourceTree = "<group>"; };
		841579B8181A4A5E00D4EBB1 /* CFNetwork.framework */ = {isa = PBXFileReference; lastKnownFileType = wrapper.framework; name = CFNetwork.framework; path = System/Library/Frameworks/CFNetwork.framework; sourceTree = SDKROOT; };
		841579BA181A4A7800D4EBB1 /* CoreLocation.framework */ = {isa = PBXFileReference; lastKnownFileType = wrapper.framework; name = CoreLocation.framework; path = System/Library/Frameworks/CoreLocation.framework; sourceTree = SDKROOT; };
		841579BC181A4A8000D4EBB1 /* CoreMotion.framework */ = {isa = PBXFileReference; lastKnownFileType = wrapper.framework; name = CoreMotion.framework; path = System/Library/Frameworks/CoreMotion.framework; sourceTree = SDKROOT; };
		84446C16182703C4002D8BDC /* blueBtn.png */ = {isa = PBXFileReference; lastKnownFileType = image.png; path = blueBtn.png; sourceTree = "<group>"; };
		84446C17182703C4002D8BDC /* yellowBtn.png */ = {isa = PBXFileReference; lastKnownFileType = image.png; path = yellowBtn.png; sourceTree = "<group>"; };
		84446C1A1827045D002D8BDC /* SeatsController.h */ = {isa = PBXFileReference; fileEncoding = 4; lastKnownFileType = sourcecode.c.h; path = SeatsController.h; sourceTree = "<group>"; };
		84446C1B1827045D002D8BDC /* SeatsController.m */ = {isa = PBXFileReference; fileEncoding = 4; lastKnownFileType = sourcecode.c.objc; path = SeatsController.m; sourceTree = "<group>"; };
		84446C22182CB1AC002D8BDC /* ShowController.h */ = {isa = PBXFileReference; fileEncoding = 4; lastKnownFileType = sourcecode.c.h; path = ShowController.h; sourceTree = "<group>"; };
		84446C23182CB1AC002D8BDC /* ShowController.m */ = {isa = PBXFileReference; fileEncoding = 4; lastKnownFileType = sourcecode.c.objc; path = ShowController.m; sourceTree = "<group>"; };
		845CD904181DC94B004932BF /* Default-568h@2x~iphone.png */ = {isa = PBXFileReference; lastKnownFileType = image.png; path = "Default-568h@2x~iphone.png"; sourceTree = "<group>"; };
		845CD905181DC94B004932BF /* Default~iphone.png */ = {isa = PBXFileReference; lastKnownFileType = image.png; path = "Default~iphone.png"; sourceTree = "<group>"; };
		845CD906181DC94B004932BF /* Default.png */ = {isa = PBXFileReference; lastKnownFileType = image.png; path = Default.png; sourceTree = "<group>"; };
		845CD908181DC94B004932BF /* Icon-40.png */ = {isa = PBXFileReference; lastKnownFileType = image.png; path = "Icon-40.png"; sourceTree = "<group>"; };
		845CD909181DC94B004932BF /* Icon-40@2x.png */ = {isa = PBXFileReference; lastKnownFileType = image.png; path = "Icon-40@2x.png"; sourceTree = "<group>"; };
		845CD90A181DC94B004932BF /* Icon-60.png */ = {isa = PBXFileReference; lastKnownFileType = image.png; path = "Icon-60.png"; sourceTree = "<group>"; };
		845CD90B181DC94B004932BF /* Icon-60@2x.png */ = {isa = PBXFileReference; lastKnownFileType = image.png; path = "Icon-60@2x.png"; sourceTree = "<group>"; };
		845CD90C181DC94B004932BF /* Icon-72.png */ = {isa = PBXFileReference; lastKnownFileType = image.png; path = "Icon-72.png"; sourceTree = "<group>"; };
		845CD90D181DC94B004932BF /* Icon-72@2x.png */ = {isa = PBXFileReference; lastKnownFileType = image.png; path = "Icon-72@2x.png"; sourceTree = "<group>"; };
		845CD90E181DC94B004932BF /* Icon-76.png */ = {isa = PBXFileReference; lastKnownFileType = image.png; path = "Icon-76.png"; sourceTree = "<group>"; };
		845CD90F181DC94B004932BF /* Icon-76@2x.png */ = {isa = PBXFileReference; lastKnownFileType = image.png; path = "Icon-76@2x.png"; sourceTree = "<group>"; };
		845CD910181DC94B004932BF /* Icon-Small-50.png */ = {isa = PBXFileReference; lastKnownFileType = image.png; path = "Icon-Small-50.png"; sourceTree = "<group>"; };
		845CD911181DC94B004932BF /* Icon-Small-50@2x.png */ = {isa = PBXFileReference; lastKnownFileType = image.png; path = "Icon-Small-50@2x.png"; sourceTree = "<group>"; };
		845CD912181DC94B004932BF /* Icon-Small.png */ = {isa = PBXFileReference; lastKnownFileType = image.png; path = "Icon-Small.png"; sourceTree = "<group>"; };
		845CD913181DC94B004932BF /* Icon-Small@2x.png */ = {isa = PBXFileReference; lastKnownFileType = image.png; path = "Icon-Small@2x.png"; sourceTree = "<group>"; };
		845CD914181DC94B004932BF /* Icon.png */ = {isa = PBXFileReference; lastKnownFileType = image.png; path = Icon.png; sourceTree = "<group>"; };
		845CD915181DC94B004932BF /* Icon@2x.png */ = {isa = PBXFileReference; lastKnownFileType = image.png; path = "Icon@2x.png"; sourceTree = "<group>"; };
		845CD916181DC94B004932BF /* iTunesArtwork.png */ = {isa = PBXFileReference; lastKnownFileType = image.png; path = iTunesArtwork.png; sourceTree = "<group>"; };
		845CD917181DC94B004932BF /* iTunesArtwork@2x.png */ = {isa = PBXFileReference; lastKnownFileType = image.png; path = "iTunesArtwork@2x.png"; sourceTree = "<group>"; };
		845CD92B181DCBD7004932BF /* en */ = {isa = PBXFileReference; lastKnownFileType = file.storyboard; name = en; path = en.lproj/Main.storyboard; sourceTree = "<group>"; };
		845CD92C1825DE54004932BF /* User.h */ = {isa = PBXFileReference; fileEncoding = 4; lastKnownFileType = sourcecode.c.h; path = User.h; sourceTree = "<group>"; };
		845CD92D1825DE54004932BF /* User.m */ = {isa = PBXFileReference; fileEncoding = 4; lastKnownFileType = sourcecode.c.objc; path = User.m; sourceTree = "<group>"; };
		845CD92F1825E377004932BF /* Event.h */ = {isa = PBXFileReference; fileEncoding = 4; lastKnownFileType = sourcecode.c.h; path = Event.h; sourceTree = "<group>"; };
		845CD9301825E377004932BF /* Event.m */ = {isa = PBXFileReference; fileEncoding = 4; lastKnownFileType = sourcecode.c.objc; path = Event.m; sourceTree = "<group>"; };
		845CD9321826FCCA004932BF /* Show.h */ = {isa = PBXFileReference; fileEncoding = 4; lastKnownFileType = sourcecode.c.h; path = Show.h; sourceTree = "<group>"; };
		845CD9331826FCCA004932BF /* Show.m */ = {isa = PBXFileReference; fileEncoding = 4; lastKnownFileType = sourcecode.c.objc; path = Show.m; sourceTree = "<group>"; };
		846360551834A95D00B3B0D5 /* redBtn.png */ = {isa = PBXFileReference; lastKnownFileType = image.png; path = redBtn.png; sourceTree = "<group>"; };
		846360571834B10700B3B0D5 /* blackBtn.png */ = {isa = PBXFileReference; lastKnownFileType = image.png; path = blackBtn.png; sourceTree = "<group>"; };
		84789D94181C65DA00FC59E4 /* AFHTTPClient.h */ = {isa = PBXFileReference; fileEncoding = 4; lastKnownFileType = sourcecode.c.h; path = AFHTTPClient.h; sourceTree = "<group>"; };
		84789D95181C65DA00FC59E4 /* AFHTTPClient.m */ = {isa = PBXFileReference; fileEncoding = 4; lastKnownFileType = sourcecode.c.objc; path = AFHTTPClient.m; sourceTree = "<group>"; };
		84789D96181C65DA00FC59E4 /* AFHTTPRequestOperation.h */ = {isa = PBXFileReference; fileEncoding = 4; lastKnownFileType = sourcecode.c.h; path = AFHTTPRequestOperation.h; sourceTree = "<group>"; };
		84789D97181C65DA00FC59E4 /* AFHTTPRequestOperation.m */ = {isa = PBXFileReference; fileEncoding = 4; lastKnownFileType = sourcecode.c.objc; path = AFHTTPRequestOperation.m; sourceTree = "<group>"; };
		84789D98181C65DA00FC59E4 /* AFImageCache.h */ = {isa = PBXFileReference; fileEncoding = 4; lastKnownFileType = sourcecode.c.h; path = AFImageCache.h; sourceTree = "<group>"; };
		84789D99181C65DA00FC59E4 /* AFImageCache.m */ = {isa = PBXFileReference; fileEncoding = 4; lastKnownFileType = sourcecode.c.objc; path = AFImageCache.m; sourceTree = "<group>"; };
		84789D9A181C65DA00FC59E4 /* AFImageRequestOperation.h */ = {isa = PBXFileReference; fileEncoding = 4; lastKnownFileType = sourcecode.c.h; path = AFImageRequestOperation.h; sourceTree = "<group>"; };
		84789D9B181C65DA00FC59E4 /* AFImageRequestOperation.m */ = {isa = PBXFileReference; fileEncoding = 4; lastKnownFileType = sourcecode.c.objc; path = AFImageRequestOperation.m; sourceTree = "<group>"; };
		84789D9C181C65DA00FC59E4 /* AFJSONRequestOperation.h */ = {isa = PBXFileReference; fileEncoding = 4; lastKnownFileType = sourcecode.c.h; path = AFJSONRequestOperation.h; sourceTree = "<group>"; };
		84789D9D181C65DA00FC59E4 /* AFJSONRequestOperation.m */ = {isa = PBXFileReference; fileEncoding = 4; lastKnownFileType = sourcecode.c.objc; path = AFJSONRequestOperation.m; sourceTree = "<group>"; };
		84789D9E181C65DA00FC59E4 /* AFNetworkActivityIndicatorManager.h */ = {isa = PBXFileReference; fileEncoding = 4; lastKnownFileType = sourcecode.c.h; path = AFNetworkActivityIndicatorManager.h; sourceTree = "<group>"; };
		84789D9F181C65DA00FC59E4 /* AFNetworkActivityIndicatorManager.m */ = {isa = PBXFileReference; fileEncoding = 4; lastKnownFileType = sourcecode.c.objc; path = AFNetworkActivityIndicatorManager.m; sourceTree = "<group>"; };
		84789DA0181C65DA00FC59E4 /* AFNetworking.h */ = {isa = PBXFileReference; fileEncoding = 4; lastKnownFileType = sourcecode.c.h; path = AFNetworking.h; sourceTree = "<group>"; };
		84789DA1181C65DA00FC59E4 /* AFPropertyListRequestOperation.h */ = {isa = PBXFileReference; fileEncoding = 4; lastKnownFileType = sourcecode.c.h; path = AFPropertyListRequestOperation.h; sourceTree = "<group>"; };
		84789DA2181C65DA00FC59E4 /* AFPropertyListRequestOperation.m */ = {isa = PBXFileReference; fileEncoding = 4; lastKnownFileType = sourcecode.c.objc; path = AFPropertyListRequestOperation.m; sourceTree = "<group>"; };
		84789DA3181C65DA00FC59E4 /* AFURLConnectionOperation.h */ = {isa = PBXFileReference; fileEncoding = 4; lastKnownFileType = sourcecode.c.h; path = AFURLConnectionOperation.h; sourceTree = "<group>"; };
		84789DA4181C65DA00FC59E4 /* AFURLConnectionOperation.m */ = {isa = PBXFileReference; fileEncoding = 4; lastKnownFileType = sourcecode.c.objc; path = AFURLConnectionOperation.m; sourceTree = "<group>"; };
		84789DA5181C65DA00FC59E4 /* AFXMLRequestOperation.h */ = {isa = PBXFileReference; fileEncoding = 4; lastKnownFileType = sourcecode.c.h; path = AFXMLRequestOperation.h; sourceTree = "<group>"; };
		84789DA6181C65DA00FC59E4 /* AFXMLRequestOperation.m */ = {isa = PBXFileReference; fileEncoding = 4; lastKnownFileType = sourcecode.c.objc; path = AFXMLRequestOperation.m; sourceTree = "<group>"; };
		84789DA7181C65DA00FC59E4 /* UIImageView+AFNetworking.h */ = {isa = PBXFileReference; fileEncoding = 4; lastKnownFileType = sourcecode.c.h; path = "UIImageView+AFNetworking.h"; sourceTree = "<group>"; };
		84789DA8181C65DA00FC59E4 /* UIImageView+AFNetworking.m */ = {isa = PBXFileReference; fileEncoding = 4; lastKnownFileType = sourcecode.c.objc; path = "UIImageView+AFNetworking.m"; sourceTree = "<group>"; };
		84789DFB181C65DA00FC59E4 /* JSON.h */ = {isa = PBXFileReference; fileEncoding = 4; lastKnownFileType = sourcecode.c.h; path = JSON.h; sourceTree = "<group>"; };
		84789DFC181C65DA00FC59E4 /* NSObject+SBJSON.h */ = {isa = PBXFileReference; fileEncoding = 4; lastKnownFileType = sourcecode.c.h; path = "NSObject+SBJSON.h"; sourceTree = "<group>"; };
		84789DFD181C65DA00FC59E4 /* NSObject+SBJSON.m */ = {isa = PBXFileReference; fileEncoding = 4; lastKnownFileType = sourcecode.c.objc; path = "NSObject+SBJSON.m"; sourceTree = "<group>"; };
		84789DFE181C65DA00FC59E4 /* NSString+SBJSON.h */ = {isa = PBXFileReference; fileEncoding = 4; lastKnownFileType = sourcecode.c.h; path = "NSString+SBJSON.h"; sourceTree = "<group>"; };
		84789DFF181C65DA00FC59E4 /* NSString+SBJSON.m */ = {isa = PBXFileReference; fileEncoding = 4; lastKnownFileType = sourcecode.c.objc; path = "NSString+SBJSON.m"; sourceTree = "<group>"; };
		84789E00181C65DA00FC59E4 /* SBJSON.h */ = {isa = PBXFileReference; fileEncoding = 4; lastKnownFileType = sourcecode.c.h; path = SBJSON.h; sourceTree = "<group>"; };
		84789E01181C65DA00FC59E4 /* SBJSON.m */ = {isa = PBXFileReference; fileEncoding = 4; lastKnownFileType = sourcecode.c.objc; path = SBJSON.m; sourceTree = "<group>"; };
		84789E02181C65DA00FC59E4 /* SBJsonBase.h */ = {isa = PBXFileReference; fileEncoding = 4; lastKnownFileType = sourcecode.c.h; path = SBJsonBase.h; sourceTree = "<group>"; };
		84789E03181C65DA00FC59E4 /* SBJsonBase.m */ = {isa = PBXFileReference; fileEncoding = 4; lastKnownFileType = sourcecode.c.objc; path = SBJsonBase.m; sourceTree = "<group>"; };
		84789E04181C65DA00FC59E4 /* SBJsonParser.h */ = {isa = PBXFileReference; fileEncoding = 4; lastKnownFileType = sourcecode.c.h; path = SBJsonParser.h; sourceTree = "<group>"; };
		84789E05181C65DA00FC59E4 /* SBJsonParser.m */ = {isa = PBXFileReference; fileEncoding = 4; lastKnownFileType = sourcecode.c.objc; path = SBJsonParser.m; sourceTree = "<group>"; };
		84789E06181C65DA00FC59E4 /* SBJsonWriter.h */ = {isa = PBXFileReference; fileEncoding = 4; lastKnownFileType = sourcecode.c.h; path = SBJsonWriter.h; sourceTree = "<group>"; };
		84789E07181C65DA00FC59E4 /* SBJsonWriter.m */ = {isa = PBXFileReference; fileEncoding = 4; lastKnownFileType = sourcecode.c.objc; path = SBJsonWriter.m; sourceTree = "<group>"; };
		84789E09181C65DA00FC59E4 /* JSONKit.h */ = {isa = PBXFileReference; fileEncoding = 4; lastKnownFileType = sourcecode.c.h; path = JSONKit.h; sourceTree = "<group>"; };
		84789E0A181C65DA00FC59E4 /* JSONKit.m */ = {isa = PBXFileReference; fileEncoding = 4; lastKnownFileType = sourcecode.c.objc; path = JSONKit.m; sourceTree = "<group>"; };
		84789E7B181C65DB00FC59E4 /* Reachability.h */ = {isa = PBXFileReference; fileEncoding = 4; lastKnownFileType = sourcecode.c.h; path = Reachability.h; sourceTree = "<group>"; };
		84789E7C181C65DB00FC59E4 /* Reachability.m */ = {isa = PBXFileReference; fileEncoding = 4; lastKnownFileType = sourcecode.c.objc; path = Reachability.m; sourceTree = "<group>"; };
		84789F63181C65E400FC59E4 /* NSArray+Extensions.h */ = {isa = PBXFileReference; fileEncoding = 4; lastKnownFileType = sourcecode.c.h; path = "NSArray+Extensions.h"; sourceTree = "<group>"; };
		84789F64181C65E400FC59E4 /* NSArray+Extensions.m */ = {isa = PBXFileReference; fileEncoding = 4; lastKnownFileType = sourcecode.c.objc; path = "NSArray+Extensions.m"; sourceTree = "<group>"; };
		84789F65181C65E400FC59E4 /* NSDictionary+Extensions.h */ = {isa = PBXFileReference; fileEncoding = 4; lastKnownFileType = sourcecode.c.h; path = "NSDictionary+Extensions.h"; sourceTree = "<group>"; };
		84789F66181C65E400FC59E4 /* NSDictionary+Extensions.m */ = {isa = PBXFileReference; fileEncoding = 4; lastKnownFileType = sourcecode.c.objc; path = "NSDictionary+Extensions.m"; sourceTree = "<group>"; };
		84789F67181C65E400FC59E4 /* NSUserDefaults+Extensions.h */ = {isa = PBXFileReference; fileEncoding = 4; lastKnownFileType = sourcecode.c.h; path = "NSUserDefaults+Extensions.h"; sourceTree = "<group>"; };
		84789F68181C65E400FC59E4 /* NSUserDefaults+Extensions.m */ = {isa = PBXFileReference; fileEncoding = 4; lastKnownFileType = sourcecode.c.objc; path = "NSUserDefaults+Extensions.m"; sourceTree = "<group>"; };
		84789FF5181C66B800FC59E4 /* MobileCoreServices.framework */ = {isa = PBXFileReference; lastKnownFileType = wrapper.framework; name = MobileCoreServices.framework; path = System/Library/Frameworks/MobileCoreServices.framework; sourceTree = SDKROOT; };
		84789FF7181C66CB00FC59E4 /* SystemConfiguration.framework */ = {isa = PBXFileReference; lastKnownFileType = wrapper.framework; name = SystemConfiguration.framework; path = System/Library/Frameworks/SystemConfiguration.framework; sourceTree = SDKROOT; };
		84789FF9181C66DB00FC59E4 /* MessageUI.framework */ = {isa = PBXFileReference; lastKnownFileType = wrapper.framework; name = MessageUI.framework; path = System/Library/Frameworks/MessageUI.framework; sourceTree = SDKROOT; };
		84789FFB181C66F100FC59E4 /* Social.framework */ = {isa = PBXFileReference; lastKnownFileType = wrapper.framework; name = Social.framework; path = System/Library/Frameworks/Social.framework; sourceTree = SDKROOT; };
		84789FFE181C779B00FC59E4 /* Stadium.h */ = {isa = PBXFileReference; fileEncoding = 4; lastKnownFileType = sourcecode.c.h; path = Stadium.h; sourceTree = "<group>"; };
		84789FFF181C779B00FC59E4 /* Stadium.m */ = {isa = PBXFileReference; fileEncoding = 4; lastKnownFileType = sourcecode.c.objc; path = Stadium.m; sourceTree = "<group>"; };
		84AB8D551835C54A00E3E8AE /* ReadyController.h */ = {isa = PBXFileReference; fileEncoding = 4; lastKnownFileType = sourcecode.c.h; path = ReadyController.h; sourceTree = "<group>"; };
		84AB8D561835C54A00E3E8AE /* ReadyController.m */ = {isa = PBXFileReference; fileEncoding = 4; lastKnownFileType = sourcecode.c.objc; path = ReadyController.m; sourceTree = "<group>"; };
		84AB8D5C1835F22300E3E8AE /* APIClient.h */ = {isa = PBXFileReference; fileEncoding = 4; lastKnownFileType = sourcecode.c.h; path = APIClient.h; sourceTree = "<group>"; };
		84AB8D5D1835F22300E3E8AE /* APIClient.m */ = {isa = PBXFileReference; fileEncoding = 4; lastKnownFileType = sourcecode.c.objc; path = APIClient.m; sourceTree = "<group>"; };
		84EFEF3A182CBC9100E3DD89 /* ResultsController.h */ = {isa = PBXFileReference; fileEncoding = 4; lastKnownFileType = sourcecode.c.h; path = ResultsController.h; sourceTree = "<group>"; };
		84EFEF3B182CBC9100E3DD89 /* ResultsController.m */ = {isa = PBXFileReference; fileEncoding = 4; lastKnownFileType = sourcecode.c.objc; path = ResultsController.m; sourceTree = "<group>"; };
/* End PBXFileReference section */

/* Begin PBXFrameworksBuildPhase section */
		84157949181A286800D4EBB1 /* Frameworks */ = {
			isa = PBXFrameworksBuildPhase;
			buildActionMask = 2147483647;
			files = (
				84789FFC181C66F100FC59E4 /* Social.framework in Frameworks */,
				84789FFA181C66DB00FC59E4 /* MessageUI.framework in Frameworks */,
				84789FF8181C66CB00FC59E4 /* SystemConfiguration.framework in Frameworks */,
				84789FF6181C66B800FC59E4 /* MobileCoreServices.framework in Frameworks */,
				841579BD181A4A8100D4EBB1 /* CoreMotion.framework in Frameworks */,
				841579BB181A4A7800D4EBB1 /* CoreLocation.framework in Frameworks */,
				841579B9181A4A5E00D4EBB1 /* CFNetwork.framework in Frameworks */,
				84157952181A286800D4EBB1 /* CoreGraphics.framework in Frameworks */,
				84157954181A286800D4EBB1 /* UIKit.framework in Frameworks */,
				84157950181A286800D4EBB1 /* Foundation.framework in Frameworks */,
			);
			runOnlyForDeploymentPostprocessing = 0;
		};
		8415796A181A286800D4EBB1 /* Frameworks */ = {
			isa = PBXFrameworksBuildPhase;
			buildActionMask = 2147483647;
			files = (
				8415796F181A286800D4EBB1 /* XCTest.framework in Frameworks */,
				84157971181A286800D4EBB1 /* UIKit.framework in Frameworks */,
				84157970181A286800D4EBB1 /* Foundation.framework in Frameworks */,
			);
			runOnlyForDeploymentPostprocessing = 0;
		};
/* End PBXFrameworksBuildPhase section */

/* Begin PBXGroup section */
		811800F41B4B9B970028254E /* Delegates */ = {
			isa = PBXGroup;
			children = (
				8415795E181A286800D4EBB1 /* AppDelegate.h */,
				8415795F181A286800D4EBB1 /* AppDelegate.m */,
			);
			path = Delegates;
			sourceTree = "<group>";
		};
		811C45511B4B975C0072621D /* Controllers */ = {
			isa = PBXGroup;
			children = (
				84157964181A286800D4EBB1 /* LiteWaveController.h */,
				84157965181A286800D4EBB1 /* LiteWaveController.m */,
				84446C1A1827045D002D8BDC /* SeatsController.h */,
				84446C1B1827045D002D8BDC /* SeatsController.m */,
				84AB8D551835C54A00E3E8AE /* ReadyController.h */,
				84AB8D561835C54A00E3E8AE /* ReadyController.m */,
				84EFEF3A182CBC9100E3DD89 /* ResultsController.h */,
				84EFEF3B182CBC9100E3DD89 /* ResultsController.m */,
				84446C23182CB1AC002D8BDC /* ShowController.m */,
				84446C22182CB1AC002D8BDC /* ShowController.h */,
				81612A661B656C5B009A7E44 /* SectionController.h */,
				81612A671B656CA4009A7E44 /* SectionController.m */,
				81612A691B656DAB009A7E44 /* RowController.h */,
				81612A6A1B656DBE009A7E44 /* RowController.m */,
				81612A6C1B656DD8009A7E44 /* SeatController.h */,
				81612A6D1B656DEA009A7E44 /* SeatController.m */,
				81612A701B656E69009A7E44 /* LevelController.h */,
				81612A711B656E79009A7E44 /* LevelController.m */,
			);
			path = Controllers;
			sourceTree = "<group>";
		};
		8161E3441B69D78400857B95 /* Controls */ = {
			isa = PBXGroup;
			children = (
				8161E3451B69D7ED00857B95 /* CircleTableViewCell.h */,
				8161E3461B69D7ED00857B95 /* CircleTableViewCell.m */,
			);
			path = Controls;
			sourceTree = "<group>";
		};
		84157943181A286800D4EBB1 = {
			isa = PBXGroup;
			children = (
				845CD903181DC94B004932BF /* Assets */,
				84157955181A286800D4EBB1 /* LiteWave */,
				84157961181A286800D4EBB1 /* Main.storyboard */,
				84157974181A286800D4EBB1 /* LiteWaveTests */,
				8415794E181A286800D4EBB1 /* Frameworks */,
				8415794D181A286800D4EBB1 /* Products */,
			);
			sourceTree = "<group>";
		};
		8415794D181A286800D4EBB1 /* Products */ = {
			isa = PBXGroup;
			children = (
				8415794C181A286800D4EBB1 /* LiteWave.app */,
				8415796D181A286800D4EBB1 /* LiteWaveTests.xctest */,
			);
			name = Products;
			sourceTree = "<group>";
		};
		8415794E181A286800D4EBB1 /* Frameworks */ = {
			isa = PBXGroup;
			children = (
				84789FFB181C66F100FC59E4 /* Social.framework */,
				84789FF9181C66DB00FC59E4 /* MessageUI.framework */,
				84789FF7181C66CB00FC59E4 /* SystemConfiguration.framework */,
				84789FF5181C66B800FC59E4 /* MobileCoreServices.framework */,
				841579BC181A4A8000D4EBB1 /* CoreMotion.framework */,
				841579BA181A4A7800D4EBB1 /* CoreLocation.framework */,
				841579B8181A4A5E00D4EBB1 /* CFNetwork.framework */,
				8415794F181A286800D4EBB1 /* Foundation.framework */,
				84157951181A286800D4EBB1 /* CoreGraphics.framework */,
				84157953181A286800D4EBB1 /* UIKit.framework */,
				8415796E181A286800D4EBB1 /* XCTest.framework */,
			);
			name = Frameworks;
			sourceTree = "<group>";
		};
		84157955181A286800D4EBB1 /* LiteWave */ = {
			isa = PBXGroup;
			children = (
				8161E3441B69D78400857B95 /* Controls */,
				811800F41B4B9B970028254E /* Delegates */,
				811C45511B4B975C0072621D /* Controllers */,
				84789FFD181C779B00FC59E4 /* Models */,
				84789F61181C65E400FC59E4 /* Helpers */,
				84789D92181C65DA00FC59E4 /* Lib */,
				84157988181A3E9500D4EBB1 /* Services */,
				84157967181A286800D4EBB1 /* Images.xcassets */,
				84157956181A286800D4EBB1 /* Supporting Files */,
			);
			path = LiteWave;
			sourceTree = "<group>";
		};
		84157956181A286800D4EBB1 /* Supporting Files */ = {
			isa = PBXGroup;
			children = (
				84157957181A286800D4EBB1 /* LiteWave-Info.plist */,
				84157958181A286800D4EBB1 /* InfoPlist.strings */,
				8415795B181A286800D4EBB1 /* main.m */,
				8415795D181A286800D4EBB1 /* LiteWave-Prefix.pch */,
			);
			name = "Supporting Files";
			sourceTree = "<group>";
		};
		84157974181A286800D4EBB1 /* LiteWaveTests */ = {
			isa = PBXGroup;
			children = (
				8415797A181A286900D4EBB1 /* LiteWaveTests.m */,
				84157975181A286800D4EBB1 /* Supporting Files */,
			);
			path = LiteWaveTests;
			sourceTree = "<group>";
		};
		84157975181A286800D4EBB1 /* Supporting Files */ = {
			isa = PBXGroup;
			children = (
				84157976181A286800D4EBB1 /* LightWaveTests-Info.plist */,
				84157977181A286800D4EBB1 /* InfoPlist.strings */,
			);
			name = "Supporting Files";
			sourceTree = "<group>";
		};
		84157988181A3E9500D4EBB1 /* Services */ = {
			isa = PBXGroup;
			children = (
				84AB8D5C1835F22300E3E8AE /* APIClient.h */,
				84AB8D5D1835F22300E3E8AE /* APIClient.m */,
				81A0F8C81B139FF6007508CE /* Configuration.h */,
				81A0F8C91B13A22B007508CE /* Configuration.m */,
			);
			path = Services;
			sourceTree = "<group>";
		};
		845CD903181DC94B004932BF /* Assets */ = {
			isa = PBXGroup;
			children = (
				846360571834B10700B3B0D5 /* blackBtn.png */,
				846360551834A95D00B3B0D5 /* redBtn.png */,
				84446C16182703C4002D8BDC /* blueBtn.png */,
				84446C17182703C4002D8BDC /* yellowBtn.png */,
				845CD904181DC94B004932BF /* Default-568h@2x~iphone.png */,
				845CD905181DC94B004932BF /* Default~iphone.png */,
				845CD906181DC94B004932BF /* Default.png */,
				845CD907181DC94B004932BF /* icons */,
			);
			path = Assets;
			sourceTree = SOURCE_ROOT;
		};
		845CD907181DC94B004932BF /* icons */ = {
			isa = PBXGroup;
			children = (
				845CD908181DC94B004932BF /* Icon-40.png */,
				845CD909181DC94B004932BF /* Icon-40@2x.png */,
				845CD90A181DC94B004932BF /* Icon-60.png */,
				845CD90B181DC94B004932BF /* Icon-60@2x.png */,
				845CD90C181DC94B004932BF /* Icon-72.png */,
				845CD90D181DC94B004932BF /* Icon-72@2x.png */,
				845CD90E181DC94B004932BF /* Icon-76.png */,
				845CD90F181DC94B004932BF /* Icon-76@2x.png */,
				845CD910181DC94B004932BF /* Icon-Small-50.png */,
				845CD911181DC94B004932BF /* Icon-Small-50@2x.png */,
				845CD912181DC94B004932BF /* Icon-Small.png */,
				845CD913181DC94B004932BF /* Icon-Small@2x.png */,
				845CD914181DC94B004932BF /* Icon.png */,
				845CD915181DC94B004932BF /* Icon@2x.png */,
				845CD916181DC94B004932BF /* iTunesArtwork.png */,
				845CD917181DC94B004932BF /* iTunesArtwork@2x.png */,
			);
			path = icons;
			sourceTree = "<group>";
		};
		84789D92181C65DA00FC59E4 /* Lib */ = {
			isa = PBXGroup;
			children = (
				84789D93181C65DA00FC59E4 /* AFNetworking */,
				84789DFA181C65DA00FC59E4 /* JSON */,
				84789E08181C65DA00FC59E4 /* JSONKit */,
				84789E7A181C65DB00FC59E4 /* Reachability2.0 */,
			);
			path = Lib;
			sourceTree = "<group>";
		};
		84789D93181C65DA00FC59E4 /* AFNetworking */ = {
			isa = PBXGroup;
			children = (
				84789D94181C65DA00FC59E4 /* AFHTTPClient.h */,
				84789D95181C65DA00FC59E4 /* AFHTTPClient.m */,
				84789D96181C65DA00FC59E4 /* AFHTTPRequestOperation.h */,
				84789D97181C65DA00FC59E4 /* AFHTTPRequestOperation.m */,
				84789D98181C65DA00FC59E4 /* AFImageCache.h */,
				84789D99181C65DA00FC59E4 /* AFImageCache.m */,
				84789D9A181C65DA00FC59E4 /* AFImageRequestOperation.h */,
				84789D9B181C65DA00FC59E4 /* AFImageRequestOperation.m */,
				84789D9C181C65DA00FC59E4 /* AFJSONRequestOperation.h */,
				84789D9D181C65DA00FC59E4 /* AFJSONRequestOperation.m */,
				84789D9E181C65DA00FC59E4 /* AFNetworkActivityIndicatorManager.h */,
				84789D9F181C65DA00FC59E4 /* AFNetworkActivityIndicatorManager.m */,
				84789DA0181C65DA00FC59E4 /* AFNetworking.h */,
				84789DA1181C65DA00FC59E4 /* AFPropertyListRequestOperation.h */,
				84789DA2181C65DA00FC59E4 /* AFPropertyListRequestOperation.m */,
				84789DA3181C65DA00FC59E4 /* AFURLConnectionOperation.h */,
				84789DA4181C65DA00FC59E4 /* AFURLConnectionOperation.m */,
				84789DA5181C65DA00FC59E4 /* AFXMLRequestOperation.h */,
				84789DA6181C65DA00FC59E4 /* AFXMLRequestOperation.m */,
				84789DA7181C65DA00FC59E4 /* UIImageView+AFNetworking.h */,
				84789DA8181C65DA00FC59E4 /* UIImageView+AFNetworking.m */,
			);
			path = AFNetworking;
			sourceTree = "<group>";
		};
		84789DFA181C65DA00FC59E4 /* JSON */ = {
			isa = PBXGroup;
			children = (
				84789DFB181C65DA00FC59E4 /* JSON.h */,
				84789DFC181C65DA00FC59E4 /* NSObject+SBJSON.h */,
				84789DFD181C65DA00FC59E4 /* NSObject+SBJSON.m */,
				84789DFE181C65DA00FC59E4 /* NSString+SBJSON.h */,
				84789DFF181C65DA00FC59E4 /* NSString+SBJSON.m */,
				84789E00181C65DA00FC59E4 /* SBJSON.h */,
				84789E01181C65DA00FC59E4 /* SBJSON.m */,
				84789E02181C65DA00FC59E4 /* SBJsonBase.h */,
				84789E03181C65DA00FC59E4 /* SBJsonBase.m */,
				84789E04181C65DA00FC59E4 /* SBJsonParser.h */,
				84789E05181C65DA00FC59E4 /* SBJsonParser.m */,
				84789E06181C65DA00FC59E4 /* SBJsonWriter.h */,
				84789E07181C65DA00FC59E4 /* SBJsonWriter.m */,
			);
			path = JSON;
			sourceTree = "<group>";
		};
		84789E08181C65DA00FC59E4 /* JSONKit */ = {
			isa = PBXGroup;
			children = (
				84789E09181C65DA00FC59E4 /* JSONKit.h */,
				84789E0A181C65DA00FC59E4 /* JSONKit.m */,
			);
			path = JSONKit;
			sourceTree = "<group>";
		};
		84789E7A181C65DB00FC59E4 /* Reachability2.0 */ = {
			isa = PBXGroup;
			children = (
				84789E7B181C65DB00FC59E4 /* Reachability.h */,
				84789E7C181C65DB00FC59E4 /* Reachability.m */,
			);
			path = Reachability2.0;
			sourceTree = "<group>";
		};
		84789F61181C65E400FC59E4 /* Helpers */ = {
			isa = PBXGroup;
			children = (
				84067FEA183B073200232065 /* CountDownTimerUtility.h */,
				84067FEB183B073200232065 /* CountDownTimerUtility.m */,
				84789F62181C65E400FC59E4 /* Categories */,
			);
			path = Helpers;
			sourceTree = "<group>";
		};
		84789F62181C65E400FC59E4 /* Categories */ = {
			isa = PBXGroup;
			children = (
				84789F63181C65E400FC59E4 /* NSArray+Extensions.h */,
				84789F64181C65E400FC59E4 /* NSArray+Extensions.m */,
				84789F65181C65E400FC59E4 /* NSDictionary+Extensions.h */,
				84789F66181C65E400FC59E4 /* NSDictionary+Extensions.m */,
				84789F67181C65E400FC59E4 /* NSUserDefaults+Extensions.h */,
				84789F68181C65E400FC59E4 /* NSUserDefaults+Extensions.m */,
			);
			path = Categories;
			sourceTree = "<group>";
		};
		84789FFD181C779B00FC59E4 /* Models */ = {
			isa = PBXGroup;
			children = (
				845CD9321826FCCA004932BF /* Show.h */,
				845CD9331826FCCA004932BF /* Show.m */,
				845CD92F1825E377004932BF /* Event.h */,
				845CD9301825E377004932BF /* Event.m */,
				845CD92C1825DE54004932BF /* User.h */,
				845CD92D1825DE54004932BF /* User.m */,
				84789FFE181C779B00FC59E4 /* Stadium.h */,
				84789FFF181C779B00FC59E4 /* Stadium.m */,
			);
			path = Models;
			sourceTree = "<group>";
		};
/* End PBXGroup section */

/* Begin PBXNativeTarget section */
		8415794B181A286800D4EBB1 /* LiteWave */ = {
			isa = PBXNativeTarget;
			buildConfigurationList = 8415797E181A286900D4EBB1 /* Build configuration list for PBXNativeTarget "LiteWave" */;
			buildPhases = (
				84157948181A286800D4EBB1 /* Sources */,
				84157949181A286800D4EBB1 /* Frameworks */,
				8415794A181A286800D4EBB1 /* Resources */,
			);
			buildRules = (
			);
			dependencies = (
			);
			name = LiteWave;
			productName = LightWave;
			productReference = 8415794C181A286800D4EBB1 /* LiteWave.app */;
			productType = "com.apple.product-type.application";
		};
		8415796C181A286800D4EBB1 /* LiteWaveTests */ = {
			isa = PBXNativeTarget;
			buildConfigurationList = 84157981181A286900D4EBB1 /* Build configuration list for PBXNativeTarget "LiteWaveTests" */;
			buildPhases = (
				84157969181A286800D4EBB1 /* Sources */,
				8415796A181A286800D4EBB1 /* Frameworks */,
				8415796B181A286800D4EBB1 /* Resources */,
			);
			buildRules = (
			);
			dependencies = (
				84157973181A286800D4EBB1 /* PBXTargetDependency */,
			);
			name = LiteWaveTests;
			productName = LightWaveTests;
			productReference = 8415796D181A286800D4EBB1 /* LiteWaveTests.xctest */;
			productType = "com.apple.product-type.bundle.unit-test";
		};
/* End PBXNativeTarget section */

/* Begin PBXProject section */
		84157944181A286800D4EBB1 /* Project object */ = {
			isa = PBXProject;
			attributes = {
				CLASSPREFIX = LightWave;
				LastUpgradeCheck = 0630;
				ORGANIZATIONNAME = LightWave;
				TargetAttributes = {
					8415794B181A286800D4EBB1 = {
						DevelopmentTeam = PXYA582CAS;
					};
					8415796C181A286800D4EBB1 = {
						TestTargetID = 8415794B181A286800D4EBB1;
					};
				};
			};
			buildConfigurationList = 84157947181A286800D4EBB1 /* Build configuration list for PBXProject "LiteWave" */;
			compatibilityVersion = "Xcode 3.2";
			developmentRegion = English;
			hasScannedForEncodings = 0;
			knownRegions = (
				en,
				Base,
			);
			mainGroup = 84157943181A286800D4EBB1;
			productRefGroup = 8415794D181A286800D4EBB1 /* Products */;
			projectDirPath = "";
			projectRoot = "";
			targets = (
				8415794B181A286800D4EBB1 /* LiteWave */,
				8415796C181A286800D4EBB1 /* LiteWaveTests */,
			);
		};
/* End PBXProject section */

/* Begin PBXResourcesBuildPhase section */
		8415794A181A286800D4EBB1 /* Resources */ = {
			isa = PBXResourcesBuildPhase;
			buildActionMask = 2147483647;
			files = (
				845CD91D181DC94B004932BF /* Icon-60.png in Resources */,
				845CD91B181DC94B004932BF /* Icon-40.png in Resources */,
				845CD926181DC94B004932BF /* Icon-Small@2x.png in Resources */,
				845CD924181DC94B004932BF /* Icon-Small-50@2x.png in Resources */,
				84157968181A286800D4EBB1 /* Images.xcassets in Resources */,
				84446C19182703C4002D8BDC /* yellowBtn.png in Resources */,
				845CD921181DC94B004932BF /* Icon-76.png in Resources */,
				845CD929181DC94B004932BF /* iTunesArtwork.png in Resources */,
				8415795A181A286800D4EBB1 /* InfoPlist.strings in Resources */,
				845CD923181DC94B004932BF /* Icon-Small-50.png in Resources */,
				845CD91E181DC94B004932BF /* Icon-60@2x.png in Resources */,
				845CD925181DC94B004932BF /* Icon-Small.png in Resources */,
				845CD91F181DC94B004932BF /* Icon-72.png in Resources */,
				845CD91C181DC94B004932BF /* Icon-40@2x.png in Resources */,
				845CD927181DC94B004932BF /* Icon.png in Resources */,
				846360581834B10700B3B0D5 /* blackBtn.png in Resources */,
				84157963181A286800D4EBB1 /* Main.storyboard in Resources */,
				845CD918181DC94B004932BF /* Default-568h@2x~iphone.png in Resources */,
				845CD928181DC94B004932BF /* Icon@2x.png in Resources */,
				84446C18182703C4002D8BDC /* blueBtn.png in Resources */,
				846360561834A95D00B3B0D5 /* redBtn.png in Resources */,
				845CD919181DC94B004932BF /* Default~iphone.png in Resources */,
				845CD91A181DC94B004932BF /* Default.png in Resources */,
				845CD922181DC94B004932BF /* Icon-76@2x.png in Resources */,
				845CD920181DC94B004932BF /* Icon-72@2x.png in Resources */,
				845CD92A181DC94B004932BF /* iTunesArtwork@2x.png in Resources */,
			);
			runOnlyForDeploymentPostprocessing = 0;
		};
		8415796B181A286800D4EBB1 /* Resources */ = {
			isa = PBXResourcesBuildPhase;
			buildActionMask = 2147483647;
			files = (
				84157979181A286800D4EBB1 /* InfoPlist.strings in Resources */,
			);
			runOnlyForDeploymentPostprocessing = 0;
		};
/* End PBXResourcesBuildPhase section */

/* Begin PBXSourcesBuildPhase section */
		84157948181A286800D4EBB1 /* Sources */ = {
			isa = PBXSourcesBuildPhase;
			buildActionMask = 2147483647;
			files = (
				8478A004181C779B00FC59E4 /* Stadium.m in Sources */,
				84789ED3181C65DB00FC59E4 /* AFJSONRequestOperation.m in Sources */,
				84067FEC183B073200232065 /* CountDownTimerUtility.m in Sources */,
				84789ED2181C65DB00FC59E4 /* AFImageRequestOperation.m in Sources */,
				84789F35181C65DB00FC59E4 /* Reachability.m in Sources */,
				84789ED5181C65DB00FC59E4 /* AFPropertyListRequestOperation.m in Sources */,
				84789F03181C65DB00FC59E4 /* JSONKit.m in Sources */,
				845CD9341826FCCA004932BF /* Show.m in Sources */,
				84789EFE181C65DB00FC59E4 /* NSString+SBJSON.m in Sources */,
				84789ED6181C65DB00FC59E4 /* AFURLConnectionOperation.m in Sources */,
				84789EFD181C65DB00FC59E4 /* NSObject+SBJSON.m in Sources */,
				81612A6B1B656DBE009A7E44 /* RowController.m in Sources */,
				84157960181A286800D4EBB1 /* AppDelegate.m in Sources */,
				84789ED0181C65DB00FC59E4 /* AFHTTPRequestOperation.m in Sources */,
				81612A721B656E79009A7E44 /* LevelController.m in Sources */,
				84789FC6181C65E400FC59E4 /* NSArray+Extensions.m in Sources */,
				84446C1C1827045D002D8BDC /* SeatsController.m in Sources */,
				81612A6E1B656DEA009A7E44 /* SeatController.m in Sources */,
				84AB8D5E1835F22300E3E8AE /* APIClient.m in Sources */,
				81A0F8CA1B13A22B007508CE /* Configuration.m in Sources */,
				845CD92E1825DE54004932BF /* User.m in Sources */,
				8415795C181A286800D4EBB1 /* main.m in Sources */,
				84AB8D571835C54A00E3E8AE /* ReadyController.m in Sources */,
				84EFEF3C182CBC9100E3DD89 /* ResultsController.m in Sources */,
				84789F01181C65DB00FC59E4 /* SBJsonParser.m in Sources */,
				84789ED4181C65DB00FC59E4 /* AFNetworkActivityIndicatorManager.m in Sources */,
				845CD9311825E377004932BF /* Event.m in Sources */,
				84789ED8181C65DB00FC59E4 /* UIImageView+AFNetworking.m in Sources */,
				84789ED7181C65DB00FC59E4 /* AFXMLRequestOperation.m in Sources */,
				84789FC7181C65E400FC59E4 /* NSDictionary+Extensions.m in Sources */,
				84789FC8181C65E400FC59E4 /* NSUserDefaults+Extensions.m in Sources */,
				84446C24182CB1AC002D8BDC /* ShowController.m in Sources */,
				84789ECF181C65DB00FC59E4 /* AFHTTPClient.m in Sources */,
				84157966181A286800D4EBB1 /* LiteWaveController.m in Sources */,
				84789F02181C65DB00FC59E4 /* SBJsonWriter.m in Sources */,
				84789F00181C65DB00FC59E4 /* SBJsonBase.m in Sources */,
				84789EFF181C65DB00FC59E4 /* SBJSON.m in Sources */,
				84789ED1181C65DB00FC59E4 /* AFImageCache.m in Sources */,
				8161E3471B69D7ED00857B95 /* CircleTableViewCell.m in Sources */,
				81612A681B656CA4009A7E44 /* SectionController.m in Sources */,
			);
			runOnlyForDeploymentPostprocessing = 0;
		};
		84157969181A286800D4EBB1 /* Sources */ = {
			isa = PBXSourcesBuildPhase;
			buildActionMask = 2147483647;
			files = (
				8415797B181A286900D4EBB1 /* LiteWaveTests.m in Sources */,
			);
			runOnlyForDeploymentPostprocessing = 0;
		};
/* End PBXSourcesBuildPhase section */

/* Begin PBXTargetDependency section */
		84157973181A286800D4EBB1 /* PBXTargetDependency */ = {
			isa = PBXTargetDependency;
			target = 8415794B181A286800D4EBB1 /* LiteWave */;
			targetProxy = 84157972181A286800D4EBB1 /* PBXContainerItemProxy */;
		};
/* End PBXTargetDependency section */

/* Begin PBXVariantGroup section */
		84157958181A286800D4EBB1 /* InfoPlist.strings */ = {
			isa = PBXVariantGroup;
			children = (
				84157959181A286800D4EBB1 /* en */,
			);
			name = InfoPlist.strings;
			sourceTree = "<group>";
		};
		84157961181A286800D4EBB1 /* Main.storyboard */ = {
			isa = PBXVariantGroup;
			children = (
				845CD92B181DCBD7004932BF /* en */,
			);
			name = Main.storyboard;
			path = LiteWave;
			sourceTree = "<group>";
		};
		84157977181A286800D4EBB1 /* InfoPlist.strings */ = {
			isa = PBXVariantGroup;
			children = (
				84157978181A286800D4EBB1 /* en */,
			);
			name = InfoPlist.strings;
			sourceTree = "<group>";
		};
/* End PBXVariantGroup section */

/* Begin XCBuildConfiguration section */
		8415797C181A286900D4EBB1 /* Debug */ = {
			isa = XCBuildConfiguration;
			buildSettings = {
				ALWAYS_SEARCH_USER_PATHS = NO;
				CLANG_CXX_LANGUAGE_STANDARD = "gnu++0x";
				CLANG_CXX_LIBRARY = "libc++";
				CLANG_ENABLE_MODULES = YES;
				CLANG_ENABLE_OBJC_ARC = YES;
				CLANG_WARN_BOOL_CONVERSION = YES;
				CLANG_WARN_CONSTANT_CONVERSION = YES;
				CLANG_WARN_DIRECT_OBJC_ISA_USAGE = YES_ERROR;
				CLANG_WARN_EMPTY_BODY = YES;
				CLANG_WARN_ENUM_CONVERSION = YES;
				CLANG_WARN_INT_CONVERSION = YES;
				CLANG_WARN_OBJC_ROOT_CLASS = YES_ERROR;
				CLANG_WARN__DUPLICATE_METHOD_MATCH = YES;
				CODE_SIGN_IDENTITY = "iPhone Developer";
				"CODE_SIGN_IDENTITY[sdk=iphoneos*]" = "iPhone Developer";
				COPY_PHASE_STRIP = NO;
				GCC_C_LANGUAGE_STANDARD = gnu99;
				GCC_DYNAMIC_NO_PIC = NO;
				GCC_OPTIMIZATION_LEVEL = 0;
				GCC_PREPROCESSOR_DEFINITIONS = (
					"DEBUG=1",
					"$(inherited)",
				);
				GCC_SYMBOLS_PRIVATE_EXTERN = NO;
				GCC_WARN_64_TO_32_BIT_CONVERSION = YES;
				GCC_WARN_ABOUT_RETURN_TYPE = YES_ERROR;
				GCC_WARN_UNDECLARED_SELECTOR = YES;
				GCC_WARN_UNINITIALIZED_AUTOS = YES;
				GCC_WARN_UNUSED_FUNCTION = YES;
				GCC_WARN_UNUSED_VARIABLE = YES;
				HEADER_SEARCH_PATHS = (
					"$(inherited)",
					/Applications/Xcode.app/Contents/Developer/Toolchains/XcodeDefault.xctoolchain/usr/include,
					"$(SDKROOT)/usr/include/libxml2",
				);
				IPHONEOS_DEPLOYMENT_TARGET = 5.1;
				ONLY_ACTIVE_ARCH = YES;
				SDKROOT = iphoneos;
			};
			name = Debug;
		};
		8415797D181A286900D4EBB1 /* Release */ = {
			isa = XCBuildConfiguration;
			buildSettings = {
				ALWAYS_SEARCH_USER_PATHS = NO;
				CLANG_CXX_LANGUAGE_STANDARD = "gnu++0x";
				CLANG_CXX_LIBRARY = "libc++";
				CLANG_ENABLE_MODULES = YES;
				CLANG_ENABLE_OBJC_ARC = YES;
				CLANG_WARN_BOOL_CONVERSION = YES;
				CLANG_WARN_CONSTANT_CONVERSION = YES;
				CLANG_WARN_DIRECT_OBJC_ISA_USAGE = YES_ERROR;
				CLANG_WARN_EMPTY_BODY = YES;
				CLANG_WARN_ENUM_CONVERSION = YES;
				CLANG_WARN_INT_CONVERSION = YES;
				CLANG_WARN_OBJC_ROOT_CLASS = YES_ERROR;
				CLANG_WARN__DUPLICATE_METHOD_MATCH = YES;
				CODE_SIGN_IDENTITY = "iPhone Distribution";
				"CODE_SIGN_IDENTITY[sdk=iphoneos*]" = "iPhone Distribution";
				COPY_PHASE_STRIP = YES;
				ENABLE_NS_ASSERTIONS = NO;
				GCC_C_LANGUAGE_STANDARD = gnu99;
				GCC_WARN_64_TO_32_BIT_CONVERSION = YES;
				GCC_WARN_ABOUT_RETURN_TYPE = YES_ERROR;
				GCC_WARN_UNDECLARED_SELECTOR = YES;
				GCC_WARN_UNINITIALIZED_AUTOS = YES;
				GCC_WARN_UNUSED_FUNCTION = YES;
				GCC_WARN_UNUSED_VARIABLE = YES;
				HEADER_SEARCH_PATHS = (
					"$(inherited)",
					/Applications/Xcode.app/Contents/Developer/Toolchains/XcodeDefault.xctoolchain/usr/include,
					"$(SDKROOT)/usr/include/libxml2",
				);
				IPHONEOS_DEPLOYMENT_TARGET = 5.1;
				SDKROOT = iphoneos;
				VALIDATE_PRODUCT = YES;
			};
			name = Release;
		};
		8415797F181A286900D4EBB1 /* Debug */ = {
			isa = XCBuildConfiguration;
			buildSettings = {
				CODE_SIGN_IDENTITY = "iPhone Developer";
				"CODE_SIGN_IDENTITY[sdk=iphoneos*]" = "iPhone Developer";
				FRAMEWORK_SEARCH_PATHS = (
					"$(inherited)",
					"$(DEVELOPER_FRAMEWORKS_DIR)",
				);
				GCC_PRECOMPILE_PREFIX_HEADER = YES;
				GCC_PREFIX_HEADER = "LiteWave/LiteWave-Prefix.pch";
				HEADER_SEARCH_PATHS = (
					"$(inherited)",
					/Applications/Xcode.app/Contents/Developer/Toolchains/XcodeDefault.xctoolchain/usr/include,
					"$(SDKROOT)/usr/include/libxml2",
				);
				INFOPLIST_FILE = "$(SRCROOT)/LiteWave/LiteWave-Info.plist";
				IPHONEOS_DEPLOYMENT_TARGET = 6.0;
				LIBRARY_SEARCH_PATHS = "";
				PRODUCT_NAME = LiteWave;
				PROVISIONING_PROFILE = "";
				VALID_ARCHS = "arm64 armv7 armv7s";
				WRAPPER_EXTENSION = app;
			};
			name = Debug;
		};
		84157980181A286900D4EBB1 /* Release */ = {
			isa = XCBuildConfiguration;
			buildSettings = {
				CODE_SIGN_IDENTITY = "iPhone Developer";
				"CODE_SIGN_IDENTITY[sdk=iphoneos*]" = "iPhone Developer";
				FRAMEWORK_SEARCH_PATHS = (
					"$(inherited)",
					"$(DEVELOPER_FRAMEWORKS_DIR)",
				);
				GCC_PRECOMPILE_PREFIX_HEADER = YES;
				GCC_PREFIX_HEADER = "LiteWave/LiteWave-Prefix.pch";
				HEADER_SEARCH_PATHS = (
					"$(inherited)",
					/Applications/Xcode.app/Contents/Developer/Toolchains/XcodeDefault.xctoolchain/usr/include,
					"$(SDKROOT)/usr/include/libxml2",
				);
				INFOPLIST_FILE = "$(SRCROOT)/LiteWave/LiteWave-Info.plist";
				IPHONEOS_DEPLOYMENT_TARGET = 6.0;
				LIBRARY_SEARCH_PATHS = "";
				ONLY_ACTIVE_ARCH = YES;
				PRODUCT_NAME = LiteWave;
				PROVISIONING_PROFILE = "";
				VALID_ARCHS = "arm64 armv7 armv7s";
				WRAPPER_EXTENSION = app;
			};
			name = Release;
		};
		84157982181A286900D4EBB1 /* Debug */ = {
			isa = XCBuildConfiguration;
			buildSettings = {
				BUNDLE_LOADER = "$(BUILT_PRODUCTS_DIR)/LiteWave.app/LiteWave";
				FRAMEWORK_SEARCH_PATHS = (
					"$(SDKROOT)/Developer/Library/Frameworks",
					"$(inherited)",
					"$(DEVELOPER_FRAMEWORKS_DIR)",
				);
				GCC_PRECOMPILE_PREFIX_HEADER = YES;
				GCC_PREFIX_HEADER = "LiteWave/LiteWave-Prefix.pch";
				GCC_PREPROCESSOR_DEFINITIONS = (
					"DEBUG=1",
					"$(inherited)",
				);
				INFOPLIST_FILE = "LiteWaveTests/LiteWaveTests-Info.plist";
				PRODUCT_NAME = LiteWaveTests;
				TEST_HOST = "$(BUNDLE_LOADER)";
				WRAPPER_EXTENSION = xctest;
			};
			name = Debug;
		};
		84157983181A286900D4EBB1 /* Release */ = {
			isa = XCBuildConfiguration;
			buildSettings = {
				BUNDLE_LOADER = "$(BUILT_PRODUCTS_DIR)/LiteWave.app/LiteWave";
				FRAMEWORK_SEARCH_PATHS = (
					"$(SDKROOT)/Developer/Library/Frameworks",
					"$(inherited)",
					"$(DEVELOPER_FRAMEWORKS_DIR)",
				);
				GCC_PRECOMPILE_PREFIX_HEADER = YES;
				GCC_PREFIX_HEADER = "LiteWave/LiteWave-Prefix.pch";
				INFOPLIST_FILE = "LiteWaveTests/LiteWaveTests-Info.plist";
				ONLY_ACTIVE_ARCH = NO;
				PRODUCT_NAME = LiteWaveTests;
				TEST_HOST = "$(BUNDLE_LOADER)";
				WRAPPER_EXTENSION = xctest;
			};
			name = Release;
		};
/* End XCBuildConfiguration section */

/* Begin XCConfigurationList section */
		84157947181A286800D4EBB1 /* Build configuration list for PBXProject "LiteWave" */ = {
			isa = XCConfigurationList;
			buildConfigurations = (
				8415797C181A286900D4EBB1 /* Debug */,
				8415797D181A286900D4EBB1 /* Release */,
			);
			defaultConfigurationIsVisible = 0;
			defaultConfigurationName = Release;
		};
		8415797E181A286900D4EBB1 /* Build configuration list for PBXNativeTarget "LiteWave" */ = {
			isa = XCConfigurationList;
			buildConfigurations = (
				8415797F181A286900D4EBB1 /* Debug */,
				84157980181A286900D4EBB1 /* Release */,
			);
			defaultConfigurationIsVisible = 0;
			defaultConfigurationName = Release;
		};
		84157981181A286900D4EBB1 /* Build configuration list for PBXNativeTarget "LiteWaveTests" */ = {
			isa = XCConfigurationList;
			buildConfigurations = (
				84157982181A286900D4EBB1 /* Debug */,
				84157983181A286900D4EBB1 /* Release */,
			);
			defaultConfigurationIsVisible = 0;
			defaultConfigurationName = Release;
		};
/* End XCConfigurationList section */
	};
	rootObject = 84157944181A286800D4EBB1 /* Project object */;
}
