// !$*UTF8*$!
{
	archiveVersion = 1;
	classes = {
	};
	objectVersion = 46;
	objects = {

/* Begin PBXBuildFile section */
		815EA9071B904D16007D6C73 /* lwlogo-sm.png in Resources */ = {isa = PBXBuildFile; fileRef = 815EA9061B904D16007D6C73 /* lwlogo-sm.png */; };
		815EA9131B9271ED007D6C73 /* Images.xcassets in Resources */ = {isa = PBXBuildFile; fileRef = 815EA9121B9271ED007D6C73 /* Images.xcassets */; };
		81612A6E1B656DEA009A7E44 /* LWSeatController.m in Sources */ = {isa = PBXBuildFile; fileRef = 81612A6D1B656DEA009A7E44 /* LWSeatController.m */; };
		81612A721B656E79009A7E44 /* LWLevelController.m in Sources */ = {isa = PBXBuildFile; fileRef = 81612A711B656E79009A7E44 /* LWLevelController.m */; };
		8161E3471B69D7ED00857B95 /* LWCircleTableViewCell.m in Sources */ = {isa = PBXBuildFile; fileRef = 8161E3461B69D7ED00857B95 /* LWCircleTableViewCell.m */; };
		816D5E341B8948610024C6B5 /* LWUtility.m in Sources */ = {isa = PBXBuildFile; fileRef = 816D5E331B8948610024C6B5 /* LWUtility.m */; };
		81A0F8CA1B13A22B007508CE /* LWConfiguration.m in Sources */ = {isa = PBXBuildFile; fileRef = 81A0F8C91B13A22B007508CE /* LWConfiguration.m */; };
		84067FEC183B073200232065 /* LWCountDownTimerUtility.m in Sources */ = {isa = PBXBuildFile; fileRef = 84067FEB183B073200232065 /* LWCountDownTimerUtility.m */; };
		84157950181A286800D4EBB1 /* Foundation.framework in Frameworks */ = {isa = PBXBuildFile; fileRef = 8415794F181A286800D4EBB1 /* Foundation.framework */; };
		84157952181A286800D4EBB1 /* CoreGraphics.framework in Frameworks */ = {isa = PBXBuildFile; fileRef = 84157951181A286800D4EBB1 /* CoreGraphics.framework */; };
		84157954181A286800D4EBB1 /* UIKit.framework in Frameworks */ = {isa = PBXBuildFile; fileRef = 84157953181A286800D4EBB1 /* UIKit.framework */; };
		8415795A181A286800D4EBB1 /* InfoPlist.strings in Resources */ = {isa = PBXBuildFile; fileRef = 84157958181A286800D4EBB1 /* InfoPlist.strings */; };
		8415795C181A286800D4EBB1 /* main.m in Sources */ = {isa = PBXBuildFile; fileRef = 8415795B181A286800D4EBB1 /* main.m */; };
		84157960181A286800D4EBB1 /* LWAppDelegate.m in Sources */ = {isa = PBXBuildFile; fileRef = 8415795F181A286800D4EBB1 /* LWAppDelegate.m */; };
		84157963181A286800D4EBB1 /* LWMain.storyboard in Resources */ = {isa = PBXBuildFile; fileRef = 84157961181A286800D4EBB1 /* LWMain.storyboard */; };
		84157966181A286800D4EBB1 /* LWMainController.m in Sources */ = {isa = PBXBuildFile; fileRef = 84157965181A286800D4EBB1 /* LWMainController.m */; };
		84157970181A286800D4EBB1 /* Foundation.framework in Frameworks */ = {isa = PBXBuildFile; fileRef = 8415794F181A286800D4EBB1 /* Foundation.framework */; };
		84157971181A286800D4EBB1 /* UIKit.framework in Frameworks */ = {isa = PBXBuildFile; fileRef = 84157953181A286800D4EBB1 /* UIKit.framework */; };
		84157979181A286800D4EBB1 /* InfoPlist.strings in Resources */ = {isa = PBXBuildFile; fileRef = 84157977181A286800D4EBB1 /* InfoPlist.strings */; };
		8415797B181A286900D4EBB1 /* LiteWaveTests.m in Sources */ = {isa = PBXBuildFile; fileRef = 8415797A181A286900D4EBB1 /* LiteWaveTests.m */; };
		841579B9181A4A5E00D4EBB1 /* CFNetwork.framework in Frameworks */ = {isa = PBXBuildFile; fileRef = 841579B8181A4A5E00D4EBB1 /* CFNetwork.framework */; };
		841579BB181A4A7800D4EBB1 /* CoreLocation.framework in Frameworks */ = {isa = PBXBuildFile; fileRef = 841579BA181A4A7800D4EBB1 /* CoreLocation.framework */; };
		841579BD181A4A8100D4EBB1 /* CoreMotion.framework in Frameworks */ = {isa = PBXBuildFile; fileRef = 841579BC181A4A8000D4EBB1 /* CoreMotion.framework */; };
		84446C24182CB1AC002D8BDC /* LWShowController.m in Sources */ = {isa = PBXBuildFile; fileRef = 84446C23182CB1AC002D8BDC /* LWShowController.m */; };
		845CD918181DC94B004932BF /* Default-568h@2x~iphone.png in Resources */ = {isa = PBXBuildFile; fileRef = 845CD904181DC94B004932BF /* Default-568h@2x~iphone.png */; };
		845CD919181DC94B004932BF /* Default~iphone.png in Resources */ = {isa = PBXBuildFile; fileRef = 845CD905181DC94B004932BF /* Default~iphone.png */; };
		845CD91A181DC94B004932BF /* Default.png in Resources */ = {isa = PBXBuildFile; fileRef = 845CD906181DC94B004932BF /* Default.png */; };
		845CD91B181DC94B004932BF /* Icon-40.png in Resources */ = {isa = PBXBuildFile; fileRef = 845CD908181DC94B004932BF /* Icon-40.png */; };
		845CD91C181DC94B004932BF /* Icon-40@2x.png in Resources */ = {isa = PBXBuildFile; fileRef = 845CD909181DC94B004932BF /* Icon-40@2x.png */; };
		845CD91D181DC94B004932BF /* Icon-60.png in Resources */ = {isa = PBXBuildFile; fileRef = 845CD90A181DC94B004932BF /* Icon-60.png */; };
		845CD91E181DC94B004932BF /* Icon-60@2x.png in Resources */ = {isa = PBXBuildFile; fileRef = 845CD90B181DC94B004932BF /* Icon-60@2x.png */; };
		845CD91F181DC94B004932BF /* Icon-72.png in Resources */ = {isa = PBXBuildFile; fileRef = 845CD90C181DC94B004932BF /* Icon-72.png */; };
		845CD920181DC94B004932BF /* Icon-72@2x.png in Resources */ = {isa = PBXBuildFile; fileRef = 845CD90D181DC94B004932BF /* Icon-72@2x.png */; };
		845CD921181DC94B004932BF /* Icon-76.png in Resources */ = {isa = PBXBuildFile; fileRef = 845CD90E181DC94B004932BF /* Icon-76.png */; };
		845CD922181DC94B004932BF /* Icon-76@2x.png in Resources */ = {isa = PBXBuildFile; fileRef = 845CD90F181DC94B004932BF /* Icon-76@2x.png */; };
		845CD923181DC94B004932BF /* Icon-Small-50.png in Resources */ = {isa = PBXBuildFile; fileRef = 845CD910181DC94B004932BF /* Icon-Small-50.png */; };
		845CD924181DC94B004932BF /* Icon-Small-50@2x.png in Resources */ = {isa = PBXBuildFile; fileRef = 845CD911181DC94B004932BF /* Icon-Small-50@2x.png */; };
		845CD925181DC94B004932BF /* Icon-Small.png in Resources */ = {isa = PBXBuildFile; fileRef = 845CD912181DC94B004932BF /* Icon-Small.png */; };
		845CD926181DC94B004932BF /* Icon-Small@2x.png in Resources */ = {isa = PBXBuildFile; fileRef = 845CD913181DC94B004932BF /* Icon-Small@2x.png */; };
		845CD927181DC94B004932BF /* Icon.png in Resources */ = {isa = PBXBuildFile; fileRef = 845CD914181DC94B004932BF /* Icon.png */; };
		845CD928181DC94B004932BF /* Icon@2x.png in Resources */ = {isa = PBXBuildFile; fileRef = 845CD915181DC94B004932BF /* Icon@2x.png */; };
		845CD929181DC94B004932BF /* iTunesArtwork.png in Resources */ = {isa = PBXBuildFile; fileRef = 845CD916181DC94B004932BF /* iTunesArtwork.png */; };
		845CD92A181DC94B004932BF /* iTunesArtwork@2x.png in Resources */ = {isa = PBXBuildFile; fileRef = 845CD917181DC94B004932BF /* iTunesArtwork@2x.png */; };
		84789ECF181C65DB00FC59E4 /* LWFAFHTTPClient.m in Sources */ = {isa = PBXBuildFile; fileRef = 84789D95181C65DA00FC59E4 /* LWFAFHTTPClient.m */; };
		84789ED0181C65DB00FC59E4 /* LWFAFHTTPRequestOperation.m in Sources */ = {isa = PBXBuildFile; fileRef = 84789D97181C65DA00FC59E4 /* LWFAFHTTPRequestOperation.m */; };
		84789ED1181C65DB00FC59E4 /* LWFAFImageCache.m in Sources */ = {isa = PBXBuildFile; fileRef = 84789D99181C65DA00FC59E4 /* LWFAFImageCache.m */; };
		84789ED2181C65DB00FC59E4 /* LWFAFImageRequestOperation.m in Sources */ = {isa = PBXBuildFile; fileRef = 84789D9B181C65DA00FC59E4 /* LWFAFImageRequestOperation.m */; };
		84789ED3181C65DB00FC59E4 /* LWFAFJSONRequestOperation.m in Sources */ = {isa = PBXBuildFile; fileRef = 84789D9D181C65DA00FC59E4 /* LWFAFJSONRequestOperation.m */; };
		84789ED4181C65DB00FC59E4 /* LWFAFNetworkActivityIndicatorManager.m in Sources */ = {isa = PBXBuildFile; fileRef = 84789D9F181C65DA00FC59E4 /* LWFAFNetworkActivityIndicatorManager.m */; };
		84789ED5181C65DB00FC59E4 /* LWFAFPropertyListRequestOperation.m in Sources */ = {isa = PBXBuildFile; fileRef = 84789DA2181C65DA00FC59E4 /* LWFAFPropertyListRequestOperation.m */; };
		84789ED6181C65DB00FC59E4 /* LWFAFURLConnectionOperation.m in Sources */ = {isa = PBXBuildFile; fileRef = 84789DA4181C65DA00FC59E4 /* LWFAFURLConnectionOperation.m */; };
		84789ED7181C65DB00FC59E4 /* LWFAFXMLRequestOperation.m in Sources */ = {isa = PBXBuildFile; fileRef = 84789DA6181C65DA00FC59E4 /* LWFAFXMLRequestOperation.m */; };
		84789ED8181C65DB00FC59E4 /* UIImageView+LWFAFNetworking.m in Sources */ = {isa = PBXBuildFile; fileRef = 84789DA8181C65DA00FC59E4 /* UIImageView+LWFAFNetworking.m */; };
		84789F03181C65DB00FC59E4 /* LWFJSONKit.m in Sources */ = {isa = PBXBuildFile; fileRef = 84789E0A181C65DA00FC59E4 /* LWFJSONKit.m */; };
		84789FF6181C66B800FC59E4 /* MobileCoreServices.framework in Frameworks */ = {isa = PBXBuildFile; fileRef = 84789FF5181C66B800FC59E4 /* MobileCoreServices.framework */; };
		84789FF8181C66CB00FC59E4 /* SystemConfiguration.framework in Frameworks */ = {isa = PBXBuildFile; fileRef = 84789FF7181C66CB00FC59E4 /* SystemConfiguration.framework */; };
		84789FFA181C66DB00FC59E4 /* MessageUI.framework in Frameworks */ = {isa = PBXBuildFile; fileRef = 84789FF9181C66DB00FC59E4 /* MessageUI.framework */; };
		84789FFC181C66F100FC59E4 /* Social.framework in Frameworks */ = {isa = PBXBuildFile; fileRef = 84789FFB181C66F100FC59E4 /* Social.framework */; };
		84AB8D571835C54A00E3E8AE /* LWReadyController.m in Sources */ = {isa = PBXBuildFile; fileRef = 84AB8D561835C54A00E3E8AE /* LWReadyController.m */; };
		84AB8D5E1835F22300E3E8AE /* LWAPIClient.m in Sources */ = {isa = PBXBuildFile; fileRef = 84AB8D5D1835F22300E3E8AE /* LWAPIClient.m */; };
		84EFEF3C182CBC9100E3DD89 /* LWResultsController.m in Sources */ = {isa = PBXBuildFile; fileRef = 84EFEF3B182CBC9100E3DD89 /* LWResultsController.m */; };
/* End PBXBuildFile section */

/* Begin PBXContainerItemProxy section */
		84157972181A286800D4EBB1 /* PBXContainerItemProxy */ = {
			isa = PBXContainerItemProxy;
			containerPortal = 84157944181A286800D4EBB1 /* Project object */;
			proxyType = 1;
			remoteGlobalIDString = 8415794B181A286800D4EBB1;
			remoteInfo = LightWave;
		};
/* End PBXContainerItemProxy section */

/* Begin PBXFileReference section */
		815EA9061B904D16007D6C73 /* lwlogo-sm.png */ = {isa = PBXFileReference; lastKnownFileType = image.png; path = "lwlogo-sm.png"; sourceTree = "<group>"; };
		815EA9121B9271ED007D6C73 /* Images.xcassets */ = {isa = PBXFileReference; lastKnownFileType = folder.assetcatalog; path = Images.xcassets; sourceTree = "<group>"; };
		81612A6C1B656DD8009A7E44 /* LWSeatController.h */ = {isa = PBXFileReference; lastKnownFileType = sourcecode.c.h; path = LWSeatController.h; sourceTree = "<group>"; };
		81612A6D1B656DEA009A7E44 /* LWSeatController.m */ = {isa = PBXFileReference; fileEncoding = 4; lastKnownFileType = sourcecode.c.objc; path = LWSeatController.m; sourceTree = "<group>"; };
		81612A701B656E69009A7E44 /* LWLevelController.h */ = {isa = PBXFileReference; fileEncoding = 4; lastKnownFileType = sourcecode.c.h; path = LWLevelController.h; sourceTree = "<group>"; };
		81612A711B656E79009A7E44 /* LWLevelController.m */ = {isa = PBXFileReference; fileEncoding = 4; lastKnownFileType = sourcecode.c.objc; path = LWLevelController.m; sourceTree = "<group>"; };
		8161E3451B69D7ED00857B95 /* LWCircleTableViewCell.h */ = {isa = PBXFileReference; fileEncoding = 4; lastKnownFileType = sourcecode.c.h; path = LWCircleTableViewCell.h; sourceTree = "<group>"; };
		8161E3461B69D7ED00857B95 /* LWCircleTableViewCell.m */ = {isa = PBXFileReference; fileEncoding = 4; lastKnownFileType = sourcecode.c.objc; path = LWCircleTableViewCell.m; sourceTree = "<group>"; };
		816D5E321B8948430024C6B5 /* LWUtility.h */ = {isa = PBXFileReference; fileEncoding = 4; lastKnownFileType = sourcecode.c.h; path = LWUtility.h; sourceTree = "<group>"; };
		816D5E331B8948610024C6B5 /* LWUtility.m */ = {isa = PBXFileReference; fileEncoding = 4; lastKnownFileType = sourcecode.c.objc; path = LWUtility.m; sourceTree = "<group>"; };
		81A0F8C81B139FF6007508CE /* LWConfiguration.h */ = {isa = PBXFileReference; lastKnownFileType = sourcecode.c.h; path = LWConfiguration.h; sourceTree = "<group>"; };
		81A0F8C91B13A22B007508CE /* LWConfiguration.m */ = {isa = PBXFileReference; fileEncoding = 4; lastKnownFileType = sourcecode.c.objc; path = LWConfiguration.m; sourceTree = "<group>"; };
		84067FEA183B073200232065 /* LWCountDownTimerUtility.h */ = {isa = PBXFileReference; fileEncoding = 4; lastKnownFileType = sourcecode.c.h; path = LWCountDownTimerUtility.h; sourceTree = "<group>"; };
		84067FEB183B073200232065 /* LWCountDownTimerUtility.m */ = {isa = PBXFileReference; fileEncoding = 4; lastKnownFileType = sourcecode.c.objc; path = LWCountDownTimerUtility.m; sourceTree = "<group>"; };
		8415794C181A286800D4EBB1 /* LiteWave.app */ = {isa = PBXFileReference; explicitFileType = wrapper.application; includeInIndex = 0; path = LiteWave.app; sourceTree = BUILT_PRODUCTS_DIR; };
		8415794F181A286800D4EBB1 /* Foundation.framework */ = {isa = PBXFileReference; lastKnownFileType = wrapper.framework; name = Foundation.framework; path = System/Library/Frameworks/Foundation.framework; sourceTree = SDKROOT; };
		84157951181A286800D4EBB1 /* CoreGraphics.framework */ = {isa = PBXFileReference; lastKnownFileType = wrapper.framework; name = CoreGraphics.framework; path = System/Library/Frameworks/CoreGraphics.framework; sourceTree = SDKROOT; };
		84157953181A286800D4EBB1 /* UIKit.framework */ = {isa = PBXFileReference; lastKnownFileType = wrapper.framework; name = UIKit.framework; path = System/Library/Frameworks/UIKit.framework; sourceTree = SDKROOT; };
		84157957181A286800D4EBB1 /* LiteWave-Info.plist */ = {isa = PBXFileReference; lastKnownFileType = text.plist.xml; path = "LiteWave-Info.plist"; sourceTree = "<group>"; };
		84157959181A286800D4EBB1 /* en */ = {isa = PBXFileReference; lastKnownFileType = text.plist.strings; name = en; path = en.lproj/InfoPlist.strings; sourceTree = "<group>"; };
		8415795B181A286800D4EBB1 /* main.m */ = {isa = PBXFileReference; lastKnownFileType = sourcecode.c.objc; path = main.m; sourceTree = "<group>"; };
		8415795D181A286800D4EBB1 /* LiteWave-Prefix.pch */ = {isa = PBXFileReference; lastKnownFileType = sourcecode.c.h; path = "LiteWave-Prefix.pch"; sourceTree = "<group>"; };
		8415795E181A286800D4EBB1 /* LWAppDelegate.h */ = {isa = PBXFileReference; lastKnownFileType = sourcecode.c.h; path = LWAppDelegate.h; sourceTree = "<group>"; };
		8415795F181A286800D4EBB1 /* LWAppDelegate.m */ = {isa = PBXFileReference; lastKnownFileType = sourcecode.c.objc; path = LWAppDelegate.m; sourceTree = "<group>"; };
		84157964181A286800D4EBB1 /* LWMainController.h */ = {isa = PBXFileReference; lastKnownFileType = sourcecode.c.h; path = LWMainController.h; sourceTree = "<group>"; };
		84157965181A286800D4EBB1 /* LWMainController.m */ = {isa = PBXFileReference; lastKnownFileType = sourcecode.c.objc; path = LWMainController.m; sourceTree = "<group>"; };
		8415796D181A286800D4EBB1 /* LiteWaveTests.xctest */ = {isa = PBXFileReference; explicitFileType = wrapper.cfbundle; includeInIndex = 0; path = LiteWaveTests.xctest; sourceTree = BUILT_PRODUCTS_DIR; };
		84157976181A286800D4EBB1 /* LightWaveTests-Info.plist */ = {isa = PBXFileReference; lastKnownFileType = text.plist.xml; path = "LightWaveTests-Info.plist"; sourceTree = "<group>"; };
		84157978181A286800D4EBB1 /* en */ = {isa = PBXFileReference; lastKnownFileType = text.plist.strings; name = en; path = en.lproj/InfoPlist.strings; sourceTree = "<group>"; };
		8415797A181A286900D4EBB1 /* LiteWaveTests.m */ = {isa = PBXFileReference; lastKnownFileType = sourcecode.c.objc; path = LiteWaveTests.m; sourceTree = "<group>"; };
		841579B8181A4A5E00D4EBB1 /* CFNetwork.framework */ = {isa = PBXFileReference; lastKnownFileType = wrapper.framework; name = CFNetwork.framework; path = System/Library/Frameworks/CFNetwork.framework; sourceTree = SDKROOT; };
		841579BA181A4A7800D4EBB1 /* CoreLocation.framework */ = {isa = PBXFileReference; lastKnownFileType = wrapper.framework; name = CoreLocation.framework; path = System/Library/Frameworks/CoreLocation.framework; sourceTree = SDKROOT; };
		841579BC181A4A8000D4EBB1 /* CoreMotion.framework */ = {isa = PBXFileReference; lastKnownFileType = wrapper.framework; name = CoreMotion.framework; path = System/Library/Frameworks/CoreMotion.framework; sourceTree = SDKROOT; };
		84446C22182CB1AC002D8BDC /* LWShowController.h */ = {isa = PBXFileReference; fileEncoding = 4; lastKnownFileType = sourcecode.c.h; path = LWShowController.h; sourceTree = "<group>"; };
		84446C23182CB1AC002D8BDC /* LWShowController.m */ = {isa = PBXFileReference; fileEncoding = 4; lastKnownFileType = sourcecode.c.objc; path = LWShowController.m; sourceTree = "<group>"; };
		845CD904181DC94B004932BF /* Default-568h@2x~iphone.png */ = {isa = PBXFileReference; lastKnownFileType = image.png; path = "Default-568h@2x~iphone.png"; sourceTree = "<group>"; };
		845CD905181DC94B004932BF /* Default~iphone.png */ = {isa = PBXFileReference; lastKnownFileType = image.png; path = "Default~iphone.png"; sourceTree = "<group>"; };
		845CD906181DC94B004932BF /* Default.png */ = {isa = PBXFileReference; lastKnownFileType = image.png; path = Default.png; sourceTree = "<group>"; };
		845CD908181DC94B004932BF /* Icon-40.png */ = {isa = PBXFileReference; lastKnownFileType = image.png; path = "Icon-40.png"; sourceTree = "<group>"; };
		845CD909181DC94B004932BF /* Icon-40@2x.png */ = {isa = PBXFileReference; lastKnownFileType = image.png; path = "Icon-40@2x.png"; sourceTree = "<group>"; };
		845CD90A181DC94B004932BF /* Icon-60.png */ = {isa = PBXFileReference; lastKnownFileType = image.png; path = "Icon-60.png"; sourceTree = "<group>"; };
		845CD90B181DC94B004932BF /* Icon-60@2x.png */ = {isa = PBXFileReference; lastKnownFileType = image.png; path = "Icon-60@2x.png"; sourceTree = "<group>"; };
		845CD90C181DC94B004932BF /* Icon-72.png */ = {isa = PBXFileReference; lastKnownFileType = image.png; path = "Icon-72.png"; sourceTree = "<group>"; };
		845CD90D181DC94B004932BF /* Icon-72@2x.png */ = {isa = PBXFileReference; lastKnownFileType = image.png; path = "Icon-72@2x.png"; sourceTree = "<group>"; };
		845CD90E181DC94B004932BF /* Icon-76.png */ = {isa = PBXFileReference; lastKnownFileType = image.png; path = "Icon-76.png"; sourceTree = "<group>"; };
		845CD90F181DC94B004932BF /* Icon-76@2x.png */ = {isa = PBXFileReference; lastKnownFileType = image.png; path = "Icon-76@2x.png"; sourceTree = "<group>"; };
		845CD910181DC94B004932BF /* Icon-Small-50.png */ = {isa = PBXFileReference; lastKnownFileType = image.png; path = "Icon-Small-50.png"; sourceTree = "<group>"; };
		845CD911181DC94B004932BF /* Icon-Small-50@2x.png */ = {isa = PBXFileReference; lastKnownFileType = image.png; path = "Icon-Small-50@2x.png"; sourceTree = "<group>"; };
		845CD912181DC94B004932BF /* Icon-Small.png */ = {isa = PBXFileReference; lastKnownFileType = image.png; path = "Icon-Small.png"; sourceTree = "<group>"; };
		845CD913181DC94B004932BF /* Icon-Small@2x.png */ = {isa = PBXFileReference; lastKnownFileType = image.png; path = "Icon-Small@2x.png"; sourceTree = "<group>"; };
		845CD914181DC94B004932BF /* Icon.png */ = {isa = PBXFileReference; lastKnownFileType = image.png; path = Icon.png; sourceTree = "<group>"; };
		845CD915181DC94B004932BF /* Icon@2x.png */ = {isa = PBXFileReference; lastKnownFileType = image.png; path = "Icon@2x.png"; sourceTree = "<group>"; };
		845CD916181DC94B004932BF /* iTunesArtwork.png */ = {isa = PBXFileReference; lastKnownFileType = image.png; path = iTunesArtwork.png; sourceTree = "<group>"; };
		845CD917181DC94B004932BF /* iTunesArtwork@2x.png */ = {isa = PBXFileReference; lastKnownFileType = image.png; path = "iTunesArtwork@2x.png"; sourceTree = "<group>"; };
		845CD92B181DCBD7004932BF /* en */ = {isa = PBXFileReference; lastKnownFileType = file.storyboard; name = en; path = en.lproj/LWMain.storyboard; sourceTree = "<group>"; };
		84789D94181C65DA00FC59E4 /* LWFAFHTTPClient.h */ = {isa = PBXFileReference; fileEncoding = 4; lastKnownFileType = sourcecode.c.h; path = LWFAFHTTPClient.h; sourceTree = "<group>"; };
		84789D95181C65DA00FC59E4 /* LWFAFHTTPClient.m */ = {isa = PBXFileReference; fileEncoding = 4; lastKnownFileType = sourcecode.c.objc; path = LWFAFHTTPClient.m; sourceTree = "<group>"; };
		84789D96181C65DA00FC59E4 /* LWFAFHTTPRequestOperation.h */ = {isa = PBXFileReference; fileEncoding = 4; lastKnownFileType = sourcecode.c.h; path = LWFAFHTTPRequestOperation.h; sourceTree = "<group>"; };
		84789D97181C65DA00FC59E4 /* LWFAFHTTPRequestOperation.m */ = {isa = PBXFileReference; fileEncoding = 4; lastKnownFileType = sourcecode.c.objc; path = LWFAFHTTPRequestOperation.m; sourceTree = "<group>"; };
		84789D98181C65DA00FC59E4 /* LWFAFImageCache.h */ = {isa = PBXFileReference; fileEncoding = 4; lastKnownFileType = sourcecode.c.h; path = LWFAFImageCache.h; sourceTree = "<group>"; };
		84789D99181C65DA00FC59E4 /* LWFAFImageCache.m */ = {isa = PBXFileReference; fileEncoding = 4; lastKnownFileType = sourcecode.c.objc; path = LWFAFImageCache.m; sourceTree = "<group>"; };
		84789D9A181C65DA00FC59E4 /* LWFAFImageRequestOperation.h */ = {isa = PBXFileReference; fileEncoding = 4; lastKnownFileType = sourcecode.c.h; path = LWFAFImageRequestOperation.h; sourceTree = "<group>"; };
		84789D9B181C65DA00FC59E4 /* LWFAFImageRequestOperation.m */ = {isa = PBXFileReference; fileEncoding = 4; lastKnownFileType = sourcecode.c.objc; path = LWFAFImageRequestOperation.m; sourceTree = "<group>"; };
		84789D9C181C65DA00FC59E4 /* LWFAFJSONRequestOperation.h */ = {isa = PBXFileReference; fileEncoding = 4; lastKnownFileType = sourcecode.c.h; path = LWFAFJSONRequestOperation.h; sourceTree = "<group>"; };
		84789D9D181C65DA00FC59E4 /* LWFAFJSONRequestOperation.m */ = {isa = PBXFileReference; fileEncoding = 4; lastKnownFileType = sourcecode.c.objc; path = LWFAFJSONRequestOperation.m; sourceTree = "<group>"; };
		84789D9E181C65DA00FC59E4 /* LWFAFNetworkActivityIndicatorManager.h */ = {isa = PBXFileReference; fileEncoding = 4; lastKnownFileType = sourcecode.c.h; path = LWFAFNetworkActivityIndicatorManager.h; sourceTree = "<group>"; };
		84789D9F181C65DA00FC59E4 /* LWFAFNetworkActivityIndicatorManager.m */ = {isa = PBXFileReference; fileEncoding = 4; lastKnownFileType = sourcecode.c.objc; path = LWFAFNetworkActivityIndicatorManager.m; sourceTree = "<group>"; };
		84789DA0181C65DA00FC59E4 /* LWFAFNetworking.h */ = {isa = PBXFileReference; fileEncoding = 4; lastKnownFileType = sourcecode.c.h; path = LWFAFNetworking.h; sourceTree = "<group>"; };
		84789DA1181C65DA00FC59E4 /* LWFAFPropertyListRequestOperation.h */ = {isa = PBXFileReference; fileEncoding = 4; lastKnownFileType = sourcecode.c.h; path = LWFAFPropertyListRequestOperation.h; sourceTree = "<group>"; };
		84789DA2181C65DA00FC59E4 /* LWFAFPropertyListRequestOperation.m */ = {isa = PBXFileReference; fileEncoding = 4; lastKnownFileType = sourcecode.c.objc; path = LWFAFPropertyListRequestOperation.m; sourceTree = "<group>"; };
		84789DA3181C65DA00FC59E4 /* LWFAFURLConnectionOperation.h */ = {isa = PBXFileReference; fileEncoding = 4; lastKnownFileType = sourcecode.c.h; path = LWFAFURLConnectionOperation.h; sourceTree = "<group>"; };
		84789DA4181C65DA00FC59E4 /* LWFAFURLConnectionOperation.m */ = {isa = PBXFileReference; fileEncoding = 4; lastKnownFileType = sourcecode.c.objc; path = LWFAFURLConnectionOperation.m; sourceTree = "<group>"; };
		84789DA5181C65DA00FC59E4 /* LWFAFXMLRequestOperation.h */ = {isa = PBXFileReference; fileEncoding = 4; lastKnownFileType = sourcecode.c.h; path = LWFAFXMLRequestOperation.h; sourceTree = "<group>"; };
		84789DA6181C65DA00FC59E4 /* LWFAFXMLRequestOperation.m */ = {isa = PBXFileReference; fileEncoding = 4; lastKnownFileType = sourcecode.c.objc; path = LWFAFXMLRequestOperation.m; sourceTree = "<group>"; };
		84789DA7181C65DA00FC59E4 /* UIImageView+LWFAFNetworking.h */ = {isa = PBXFileReference; fileEncoding = 4; lastKnownFileType = sourcecode.c.h; path = "UIImageView+LWFAFNetworking.h"; sourceTree = "<group>"; };
		84789DA8181C65DA00FC59E4 /* UIImageView+LWFAFNetworking.m */ = {isa = PBXFileReference; fileEncoding = 4; lastKnownFileType = sourcecode.c.objc; path = "UIImageView+LWFAFNetworking.m"; sourceTree = "<group>"; };
		84789E09181C65DA00FC59E4 /* LWFJSONKit.h */ = {isa = PBXFileReference; fileEncoding = 4; lastKnownFileType = sourcecode.c.h; path = LWFJSONKit.h; sourceTree = "<group>"; };
		84789E0A181C65DA00FC59E4 /* LWFJSONKit.m */ = {isa = PBXFileReference; fileEncoding = 4; lastKnownFileType = sourcecode.c.objc; path = LWFJSONKit.m; sourceTree = "<group>"; };
		84789FF5181C66B800FC59E4 /* MobileCoreServices.framework */ = {isa = PBXFileReference; lastKnownFileType = wrapper.framework; name = MobileCoreServices.framework; path = System/Library/Frameworks/MobileCoreServices.framework; sourceTree = SDKROOT; };
		84789FF7181C66CB00FC59E4 /* SystemConfiguration.framework */ = {isa = PBXFileReference; lastKnownFileType = wrapper.framework; name = SystemConfiguration.framework; path = System/Library/Frameworks/SystemConfiguration.framework; sourceTree = SDKROOT; };
		84789FF9181C66DB00FC59E4 /* MessageUI.framework */ = {isa = PBXFileReference; lastKnownFileType = wrapper.framework; name = MessageUI.framework; path = System/Library/Frameworks/MessageUI.framework; sourceTree = SDKROOT; };
		84789FFB181C66F100FC59E4 /* Social.framework */ = {isa = PBXFileReference; lastKnownFileType = wrapper.framework; name = Social.framework; path = System/Library/Frameworks/Social.framework; sourceTree = SDKROOT; };
		84AB8D551835C54A00E3E8AE /* LWReadyController.h */ = {isa = PBXFileReference; fileEncoding = 4; lastKnownFileType = sourcecode.c.h; path = LWReadyController.h; sourceTree = "<group>"; };
		84AB8D561835C54A00E3E8AE /* LWReadyController.m */ = {isa = PBXFileReference; fileEncoding = 4; lastKnownFileType = sourcecode.c.objc; path = LWReadyController.m; sourceTree = "<group>"; };
		84AB8D5C1835F22300E3E8AE /* LWAPIClient.h */ = {isa = PBXFileReference; fileEncoding = 4; lastKnownFileType = sourcecode.c.h; path = LWAPIClient.h; sourceTree = "<group>"; };
		84AB8D5D1835F22300E3E8AE /* LWAPIClient.m */ = {isa = PBXFileReference; fileEncoding = 4; lastKnownFileType = sourcecode.c.objc; path = LWAPIClient.m; sourceTree = "<group>"; };
		84EFEF3A182CBC9100E3DD89 /* LWResultsController.h */ = {isa = PBXFileReference; fileEncoding = 4; lastKnownFileType = sourcecode.c.h; path = LWResultsController.h; sourceTree = "<group>"; };
		84EFEF3B182CBC9100E3DD89 /* LWResultsController.m */ = {isa = PBXFileReference; fileEncoding = 4; lastKnownFileType = sourcecode.c.objc; path = LWResultsController.m; sourceTree = "<group>"; };
/* End PBXFileReference section */

/* Begin PBXFrameworksBuildPhase section */
		84157949181A286800D4EBB1 /* Frameworks */ = {
			isa = PBXFrameworksBuildPhase;
			buildActionMask = 2147483647;
			files = (
				84789FFC181C66F100FC59E4 /* Social.framework in Frameworks */,
				84789FFA181C66DB00FC59E4 /* MessageUI.framework in Frameworks */,
				84789FF8181C66CB00FC59E4 /* SystemConfiguration.framework in Frameworks */,
				84789FF6181C66B800FC59E4 /* MobileCoreServices.framework in Frameworks */,
				841579BD181A4A8100D4EBB1 /* CoreMotion.framework in Frameworks */,
				841579BB181A4A7800D4EBB1 /* CoreLocation.framework in Frameworks */,
				841579B9181A4A5E00D4EBB1 /* CFNetwork.framework in Frameworks */,
				84157952181A286800D4EBB1 /* CoreGraphics.framework in Frameworks */,
				84157954181A286800D4EBB1 /* UIKit.framework in Frameworks */,
				84157950181A286800D4EBB1 /* Foundation.framework in Frameworks */,
			);
			runOnlyForDeploymentPostprocessing = 0;
		};
		8415796A181A286800D4EBB1 /* Frameworks */ = {
			isa = PBXFrameworksBuildPhase;
			buildActionMask = 2147483647;
			files = (
				84157971181A286800D4EBB1 /* UIKit.framework in Frameworks */,
				84157970181A286800D4EBB1 /* Foundation.framework in Frameworks */,
			);
			runOnlyForDeploymentPostprocessing = 0;
		};
/* End PBXFrameworksBuildPhase section */

/* Begin PBXGroup section */
		811800F41B4B9B970028254E /* Delegates */ = {
			isa = PBXGroup;
			children = (
				8415795E181A286800D4EBB1 /* LWAppDelegate.h */,
				8415795F181A286800D4EBB1 /* LWAppDelegate.m */,
			);
			path = Delegates;
			sourceTree = "<group>";
		};
		811C45511B4B975C0072621D /* Controllers */ = {
			isa = PBXGroup;
			children = (
				84157964181A286800D4EBB1 /* LWMainController.h */,
				84157965181A286800D4EBB1 /* LWMainController.m */,
				84AB8D551835C54A00E3E8AE /* LWReadyController.h */,
				84AB8D561835C54A00E3E8AE /* LWReadyController.m */,
				84EFEF3A182CBC9100E3DD89 /* LWResultsController.h */,
				84EFEF3B182CBC9100E3DD89 /* LWResultsController.m */,
				84446C23182CB1AC002D8BDC /* LWShowController.m */,
				84446C22182CB1AC002D8BDC /* LWShowController.h */,
				81612A6C1B656DD8009A7E44 /* LWSeatController.h */,
				81612A6D1B656DEA009A7E44 /* LWSeatController.m */,
				81612A701B656E69009A7E44 /* LWLevelController.h */,
				81612A711B656E79009A7E44 /* LWLevelController.m */,
			);
			path = Controllers;
			sourceTree = "<group>";
		};
		8161E3441B69D78400857B95 /* Controls */ = {
			isa = PBXGroup;
			children = (
				8161E3451B69D7ED00857B95 /* LWCircleTableViewCell.h */,
				8161E3461B69D7ED00857B95 /* LWCircleTableViewCell.m */,
			);
			path = Controls;
			sourceTree = "<group>";
		};
		84157943181A286800D4EBB1 = {
			isa = PBXGroup;
			children = (
				815EA9121B9271ED007D6C73 /* Images.xcassets */,
				845CD903181DC94B004932BF /* Assets */,
				84157955181A286800D4EBB1 /* LiteWave */,
				84157961181A286800D4EBB1 /* LWMain.storyboard */,
				84157974181A286800D4EBB1 /* LiteWaveTests */,
				8415794E181A286800D4EBB1 /* Frameworks */,
				8415794D181A286800D4EBB1 /* Products */,
			);
			sourceTree = "<group>";
		};
		8415794D181A286800D4EBB1 /* Products */ = {
			isa = PBXGroup;
			children = (
				8415794C181A286800D4EBB1 /* LiteWave.app */,
				8415796D181A286800D4EBB1 /* LiteWaveTests.xctest */,
			);
			name = Products;
			sourceTree = "<group>";
		};
		8415794E181A286800D4EBB1 /* Frameworks */ = {
			isa = PBXGroup;
			children = (
				84789FFB181C66F100FC59E4 /* Social.framework */,
				84789FF9181C66DB00FC59E4 /* MessageUI.framework */,
				84789FF7181C66CB00FC59E4 /* SystemConfiguration.framework */,
				84789FF5181C66B800FC59E4 /* MobileCoreServices.framework */,
				841579BC181A4A8000D4EBB1 /* CoreMotion.framework */,
				841579BA181A4A7800D4EBB1 /* CoreLocation.framework */,
				841579B8181A4A5E00D4EBB1 /* CFNetwork.framework */,
				8415794F181A286800D4EBB1 /* Foundation.framework */,
				84157951181A286800D4EBB1 /* CoreGraphics.framework */,
				84157953181A286800D4EBB1 /* UIKit.framework */,
			);
			name = Frameworks;
			sourceTree = "<group>";
		};
		84157955181A286800D4EBB1 /* LiteWave */ = {
			isa = PBXGroup;
			children = (
				8161E3441B69D78400857B95 /* Controls */,
				811800F41B4B9B970028254E /* Delegates */,
				811C45511B4B975C0072621D /* Controllers */,
				84789FFD181C779B00FC59E4 /* Models */,
				84789F61181C65E400FC59E4 /* Helpers */,
				84789D92181C65DA00FC59E4 /* Lib */,
				84157988181A3E9500D4EBB1 /* Services */,
				84157956181A286800D4EBB1 /* Supporting Files */,
			);
			path = LiteWave;
			sourceTree = "<group>";
		};
		84157956181A286800D4EBB1 /* Supporting Files */ = {
			isa = PBXGroup;
			children = (
				84157957181A286800D4EBB1 /* LiteWave-Info.plist */,
				84157958181A286800D4EBB1 /* InfoPlist.strings */,
				8415795B181A286800D4EBB1 /* main.m */,
				8415795D181A286800D4EBB1 /* LiteWave-Prefix.pch */,
			);
			name = "Supporting Files";
			sourceTree = "<group>";
		};
		84157974181A286800D4EBB1 /* LiteWaveTests */ = {
			isa = PBXGroup;
			children = (
				8415797A181A286900D4EBB1 /* LiteWaveTests.m */,
				84157975181A286800D4EBB1 /* Supporting Files */,
			);
			path = LiteWaveTests;
			sourceTree = "<group>";
		};
		84157975181A286800D4EBB1 /* Supporting Files */ = {
			isa = PBXGroup;
			children = (
				84157976181A286800D4EBB1 /* LightWaveTests-Info.plist */,
				84157977181A286800D4EBB1 /* InfoPlist.strings */,
			);
			name = "Supporting Files";
			sourceTree = "<group>";
		};
		84157988181A3E9500D4EBB1 /* Services */ = {
			isa = PBXGroup;
			children = (
				84AB8D5C1835F22300E3E8AE /* LWAPIClient.h */,
				84AB8D5D1835F22300E3E8AE /* LWAPIClient.m */,
				81A0F8C81B139FF6007508CE /* LWConfiguration.h */,
				81A0F8C91B13A22B007508CE /* LWConfiguration.m */,
				816D5E321B8948430024C6B5 /* LWUtility.h */,
				816D5E331B8948610024C6B5 /* LWUtility.m */,
			);
			path = Services;
			sourceTree = "<group>";
		};
		845CD903181DC94B004932BF /* Assets */ = {
			isa = PBXGroup;
			children = (
				815EA9061B904D16007D6C73 /* lwlogo-sm.png */,
				845CD904181DC94B004932BF /* Default-568h@2x~iphone.png */,
				845CD905181DC94B004932BF /* Default~iphone.png */,
				845CD906181DC94B004932BF /* Default.png */,
				845CD907181DC94B004932BF /* icons */,
			);
			path = Assets;
			sourceTree = SOURCE_ROOT;
		};
		845CD907181DC94B004932BF /* icons */ = {
			isa = PBXGroup;
			children = (
				845CD908181DC94B004932BF /* Icon-40.png */,
				845CD909181DC94B004932BF /* Icon-40@2x.png */,
				845CD90A181DC94B004932BF /* Icon-60.png */,
				845CD90B181DC94B004932BF /* Icon-60@2x.png */,
				845CD90C181DC94B004932BF /* Icon-72.png */,
				845CD90D181DC94B004932BF /* Icon-72@2x.png */,
				845CD90E181DC94B004932BF /* Icon-76.png */,
				845CD90F181DC94B004932BF /* Icon-76@2x.png */,
				845CD910181DC94B004932BF /* Icon-Small-50.png */,
				845CD911181DC94B004932BF /* Icon-Small-50@2x.png */,
				845CD912181DC94B004932BF /* Icon-Small.png */,
				845CD913181DC94B004932BF /* Icon-Small@2x.png */,
				845CD914181DC94B004932BF /* Icon.png */,
				845CD915181DC94B004932BF /* Icon@2x.png */,
				845CD916181DC94B004932BF /* iTunesArtwork.png */,
				845CD917181DC94B004932BF /* iTunesArtwork@2x.png */,
			);
			path = icons;
			sourceTree = "<group>";
		};
		84789D92181C65DA00FC59E4 /* Lib */ = {
			isa = PBXGroup;
			children = (
				84789D93181C65DA00FC59E4 /* AFNetworking */,
				84789E08181C65DA00FC59E4 /* JSONKit */,
			);
			path = Lib;
			sourceTree = "<group>";
		};
		84789D93181C65DA00FC59E4 /* AFNetworking */ = {
			isa = PBXGroup;
			children = (
				84789D94181C65DA00FC59E4 /* LWFAFHTTPClient.h */,
				84789D95181C65DA00FC59E4 /* LWFAFHTTPClient.m */,
				84789D96181C65DA00FC59E4 /* LWFAFHTTPRequestOperation.h */,
				84789D97181C65DA00FC59E4 /* LWFAFHTTPRequestOperation.m */,
				84789D98181C65DA00FC59E4 /* LWFAFImageCache.h */,
				84789D99181C65DA00FC59E4 /* LWFAFImageCache.m */,
				84789D9A181C65DA00FC59E4 /* LWFAFImageRequestOperation.h */,
				84789D9B181C65DA00FC59E4 /* LWFAFImageRequestOperation.m */,
				84789D9C181C65DA00FC59E4 /* LWFAFJSONRequestOperation.h */,
				84789D9D181C65DA00FC59E4 /* LWFAFJSONRequestOperation.m */,
				84789D9E181C65DA00FC59E4 /* LWFAFNetworkActivityIndicatorManager.h */,
				84789D9F181C65DA00FC59E4 /* LWFAFNetworkActivityIndicatorManager.m */,
				84789DA0181C65DA00FC59E4 /* LWFAFNetworking.h */,
				84789DA1181C65DA00FC59E4 /* LWFAFPropertyListRequestOperation.h */,
				84789DA2181C65DA00FC59E4 /* LWFAFPropertyListRequestOperation.m */,
				84789DA3181C65DA00FC59E4 /* LWFAFURLConnectionOperation.h */,
				84789DA4181C65DA00FC59E4 /* LWFAFURLConnectionOperation.m */,
				84789DA5181C65DA00FC59E4 /* LWFAFXMLRequestOperation.h */,
				84789DA6181C65DA00FC59E4 /* LWFAFXMLRequestOperation.m */,
				84789DA7181C65DA00FC59E4 /* UIImageView+LWFAFNetworking.h */,
				84789DA8181C65DA00FC59E4 /* UIImageView+LWFAFNetworking.m */,
			);
			path = AFNetworking;
			sourceTree = "<group>";
		};
		84789E08181C65DA00FC59E4 /* JSONKit */ = {
			isa = PBXGroup;
			children = (
				84789E09181C65DA00FC59E4 /* LWFJSONKit.h */,
				84789E0A181C65DA00FC59E4 /* LWFJSONKit.m */,
			);
			path = JSONKit;
			sourceTree = "<group>";
		};
		84789F61181C65E400FC59E4 /* Helpers */ = {
			isa = PBXGroup;
			children = (
				84067FEA183B073200232065 /* LWCountDownTimerUtility.h */,
				84067FEB183B073200232065 /* LWCountDownTimerUtility.m */,
			);
			path = Helpers;
			sourceTree = "<group>";
		};
		84789FFD181C779B00FC59E4 /* Models */ = {
			isa = PBXGroup;
			children = (
			);
			path = Models;
			sourceTree = "<group>";
		};
/* End PBXGroup section */

/* Begin PBXNativeTarget section */
		8415794B181A286800D4EBB1 /* LiteWave */ = {
			isa = PBXNativeTarget;
			buildConfigurationList = 8415797E181A286900D4EBB1 /* Build configuration list for PBXNativeTarget "LiteWave" */;
			buildPhases = (
				84157948181A286800D4EBB1 /* Sources */,
				84157949181A286800D4EBB1 /* Frameworks */,
				8415794A181A286800D4EBB1 /* Resources */,
			);
			buildRules = (
			);
			dependencies = (
			);
			name = LiteWave;
			productName = LightWave;
			productReference = 8415794C181A286800D4EBB1 /* LiteWave.app */;
			productType = "com.apple.product-type.application";
		};
		8415796C181A286800D4EBB1 /* LiteWaveTests */ = {
			isa = PBXNativeTarget;
			buildConfigurationList = 84157981181A286900D4EBB1 /* Build configuration list for PBXNativeTarget "LiteWaveTests" */;
			buildPhases = (
				84157969181A286800D4EBB1 /* Sources */,
				8415796A181A286800D4EBB1 /* Frameworks */,
				8415796B181A286800D4EBB1 /* Resources */,
			);
			buildRules = (
			);
			dependencies = (
				84157973181A286800D4EBB1 /* PBXTargetDependency */,
			);
			name = LiteWaveTests;
			productName = LightWaveTests;
			productReference = 8415796D181A286800D4EBB1 /* LiteWaveTests.xctest */;
			productType = "com.apple.product-type.bundle.unit-test";
		};
/* End PBXNativeTarget section */

/* Begin PBXProject section */
		84157944181A286800D4EBB1 /* Project object */ = {
			isa = PBXProject;
			attributes = {
				CLASSPREFIX = LightWave;
				LastUpgradeCheck = 0710;
				ORGANIZATIONNAME = LightWave;
				TargetAttributes = {
					8415794B181A286800D4EBB1 = {
						DevelopmentTeam = F863Y4QL35;
					};
					8415796C181A286800D4EBB1 = {
						TestTargetID = 8415794B181A286800D4EBB1;
					};
				};
			};
			buildConfigurationList = 84157947181A286800D4EBB1 /* Build configuration list for PBXProject "LiteWave" */;
			compatibilityVersion = "Xcode 3.2";
			developmentRegion = English;
			hasScannedForEncodings = 0;
			knownRegions = (
				en,
				Base,
			);
			mainGroup = 84157943181A286800D4EBB1;
			productRefGroup = 8415794D181A286800D4EBB1 /* Products */;
			projectDirPath = "";
			projectRoot = "";
			targets = (
				8415794B181A286800D4EBB1 /* LiteWave */,
				8415796C181A286800D4EBB1 /* LiteWaveTests */,
			);
		};
/* End PBXProject section */

/* Begin PBXResourcesBuildPhase section */
		8415794A181A286800D4EBB1 /* Resources */ = {
			isa = PBXResourcesBuildPhase;
			buildActionMask = 2147483647;
			files = (
				845CD91D181DC94B004932BF /* Icon-60.png in Resources */,
				815EA9131B9271ED007D6C73 /* Images.xcassets in Resources */,
				845CD91B181DC94B004932BF /* Icon-40.png in Resources */,
				845CD926181DC94B004932BF /* Icon-Small@2x.png in Resources */,
				845CD924181DC94B004932BF /* Icon-Small-50@2x.png in Resources */,
				845CD921181DC94B004932BF /* Icon-76.png in Resources */,
				845CD929181DC94B004932BF /* iTunesArtwork.png in Resources */,
				8415795A181A286800D4EBB1 /* InfoPlist.strings in Resources */,
				845CD923181DC94B004932BF /* Icon-Small-50.png in Resources */,
				845CD91E181DC94B004932BF /* Icon-60@2x.png in Resources */,
				845CD925181DC94B004932BF /* Icon-Small.png in Resources */,
				845CD91F181DC94B004932BF /* Icon-72.png in Resources */,
				845CD91C181DC94B004932BF /* Icon-40@2x.png in Resources */,
				845CD927181DC94B004932BF /* Icon.png in Resources */,
				815EA9071B904D16007D6C73 /* lwlogo-sm.png in Resources */,
				84157963181A286800D4EBB1 /* LWMain.storyboard in Resources */,
				845CD918181DC94B004932BF /* Default-568h@2x~iphone.png in Resources */,
				845CD928181DC94B004932BF /* Icon@2x.png in Resources */,
				845CD919181DC94B004932BF /* Default~iphone.png in Resources */,
				845CD91A181DC94B004932BF /* Default.png in Resources */,
				845CD922181DC94B004932BF /* Icon-76@2x.png in Resources */,
				845CD920181DC94B004932BF /* Icon-72@2x.png in Resources */,
				845CD92A181DC94B004932BF /* iTunesArtwork@2x.png in Resources */,
			);
			runOnlyForDeploymentPostprocessing = 0;
		};
		8415796B181A286800D4EBB1 /* Resources */ = {
			isa = PBXResourcesBuildPhase;
			buildActionMask = 2147483647;
			files = (
				84157979181A286800D4EBB1 /* InfoPlist.strings in Resources */,
			);
			runOnlyForDeploymentPostprocessing = 0;
		};
/* End PBXResourcesBuildPhase section */

/* Begin PBXSourcesBuildPhase section */
		84157948181A286800D4EBB1 /* Sources */ = {
			isa = PBXSourcesBuildPhase;
			buildActionMask = 2147483647;
			files = (
				84789ED3181C65DB00FC59E4 /* LWFAFJSONRequestOperation.m in Sources */,
				84067FEC183B073200232065 /* LWCountDownTimerUtility.m in Sources */,
				84789ED2181C65DB00FC59E4 /* LWFAFImageRequestOperation.m in Sources */,
				84789ED5181C65DB00FC59E4 /* LWFAFPropertyListRequestOperation.m in Sources */,
				84789F03181C65DB00FC59E4 /* LWFJSONKit.m in Sources */,
				84789ED6181C65DB00FC59E4 /* LWFAFURLConnectionOperation.m in Sources */,
				84157960181A286800D4EBB1 /* LWAppDelegate.m in Sources */,
				84789ED0181C65DB00FC59E4 /* LWFAFHTTPRequestOperation.m in Sources */,
				81612A721B656E79009A7E44 /* LWLevelController.m in Sources */,
				81612A6E1B656DEA009A7E44 /* LWSeatController.m in Sources */,
				84AB8D5E1835F22300E3E8AE /* LWAPIClient.m in Sources */,
				816D5E341B8948610024C6B5 /* LWUtility.m in Sources */,
				81A0F8CA1B13A22B007508CE /* LWConfiguration.m in Sources */,
				8415795C181A286800D4EBB1 /* main.m in Sources */,
				84AB8D571835C54A00E3E8AE /* LWReadyController.m in Sources */,
				84EFEF3C182CBC9100E3DD89 /* LWResultsController.m in Sources */,
				84789ED4181C65DB00FC59E4 /* LWFAFNetworkActivityIndicatorManager.m in Sources */,
				84789ED8181C65DB00FC59E4 /* UIImageView+LWFAFNetworking.m in Sources */,
				84789ED7181C65DB00FC59E4 /* LWFAFXMLRequestOperation.m in Sources */,
				84446C24182CB1AC002D8BDC /* LWShowController.m in Sources */,
				84789ECF181C65DB00FC59E4 /* LWFAFHTTPClient.m in Sources */,
				84157966181A286800D4EBB1 /* LWMainController.m in Sources */,
				84789ED1181C65DB00FC59E4 /* LWFAFImageCache.m in Sources */,
				8161E3471B69D7ED00857B95 /* LWCircleTableViewCell.m in Sources */,
			);
			runOnlyForDeploymentPostprocessing = 0;
		};
		84157969181A286800D4EBB1 /* Sources */ = {
			isa = PBXSourcesBuildPhase;
			buildActionMask = 2147483647;
			files = (
				8415797B181A286900D4EBB1 /* LiteWaveTests.m in Sources */,
			);
			runOnlyForDeploymentPostprocessing = 0;
		};
/* End PBXSourcesBuildPhase section */

/* Begin PBXTargetDependency section */
		84157973181A286800D4EBB1 /* PBXTargetDependency */ = {
			isa = PBXTargetDependency;
			target = 8415794B181A286800D4EBB1 /* LiteWave */;
			targetProxy = 84157972181A286800D4EBB1 /* PBXContainerItemProxy */;
		};
/* End PBXTargetDependency section */

/* Begin PBXVariantGroup section */
		84157958181A286800D4EBB1 /* InfoPlist.strings */ = {
			isa = PBXVariantGroup;
			children = (
				84157959181A286800D4EBB1 /* en */,
			);
			name = InfoPlist.strings;
			sourceTree = "<group>";
		};
		84157961181A286800D4EBB1 /* LWMain.storyboard */ = {
			isa = PBXVariantGroup;
			children = (
				845CD92B181DCBD7004932BF /* en */,
			);
			name = LWMain.storyboard;
			path = LiteWave;
			sourceTree = "<group>";
		};
		84157977181A286800D4EBB1 /* InfoPlist.strings */ = {
			isa = PBXVariantGroup;
			children = (
				84157978181A286800D4EBB1 /* en */,
			);
			name = InfoPlist.strings;
			sourceTree = "<group>";
		};
/* End PBXVariantGroup section */

/* Begin XCBuildConfiguration section */
		8415797C181A286900D4EBB1 /* Debug */ = {
			isa = XCBuildConfiguration;
			buildSettings = {
				ALWAYS_SEARCH_USER_PATHS = NO;
				CLANG_CXX_LANGUAGE_STANDARD = "gnu++0x";
				CLANG_CXX_LIBRARY = "libc++";
				CLANG_ENABLE_MODULES = YES;
				CLANG_ENABLE_OBJC_ARC = YES;
				CLANG_WARN_BOOL_CONVERSION = YES;
				CLANG_WARN_CONSTANT_CONVERSION = YES;
				CLANG_WARN_DIRECT_OBJC_ISA_USAGE = YES_ERROR;
				CLANG_WARN_EMPTY_BODY = YES;
				CLANG_WARN_ENUM_CONVERSION = YES;
				CLANG_WARN_INT_CONVERSION = YES;
				CLANG_WARN_OBJC_ROOT_CLASS = YES_ERROR;
				CLANG_WARN__DUPLICATE_METHOD_MATCH = YES;
				CODE_SIGN_IDENTITY = "iPhone Developer";
				"CODE_SIGN_IDENTITY[sdk=iphoneos*]" = "iPhone Developer";
				COPY_PHASE_STRIP = NO;
				ENABLE_TESTABILITY = YES;
				GCC_C_LANGUAGE_STANDARD = gnu99;
				GCC_DYNAMIC_NO_PIC = NO;
				GCC_OPTIMIZATION_LEVEL = 0;
				GCC_PREPROCESSOR_DEFINITIONS = (
					"DEBUG=1",
					"$(inherited)",
				);
				GCC_SYMBOLS_PRIVATE_EXTERN = NO;
				GCC_WARN_64_TO_32_BIT_CONVERSION = YES;
				GCC_WARN_ABOUT_RETURN_TYPE = YES_ERROR;
				GCC_WARN_UNDECLARED_SELECTOR = YES;
				GCC_WARN_UNINITIALIZED_AUTOS = YES;
				GCC_WARN_UNUSED_FUNCTION = YES;
				GCC_WARN_UNUSED_VARIABLE = YES;
				HEADER_SEARCH_PATHS = (
					"$(inherited)",
					/Applications/Xcode.app/Contents/Developer/Toolchains/XcodeDefault.xctoolchain/usr/include,
					"$(SDKROOT)/usr/include/libxml2",
				);
				IPHONEOS_DEPLOYMENT_TARGET = 6.0;
				ONLY_ACTIVE_ARCH = YES;
				SDKROOT = iphoneos;
			};
			name = Debug;
		};
		8415797D181A286900D4EBB1 /* Release */ = {
			isa = XCBuildConfiguration;
			buildSettings = {
				ALWAYS_SEARCH_USER_PATHS = NO;
				CLANG_CXX_LANGUAGE_STANDARD = "gnu++0x";
				CLANG_CXX_LIBRARY = "libc++";
				CLANG_ENABLE_MODULES = YES;
				CLANG_ENABLE_OBJC_ARC = YES;
				CLANG_WARN_BOOL_CONVERSION = YES;
				CLANG_WARN_CONSTANT_CONVERSION = YES;
				CLANG_WARN_DIRECT_OBJC_ISA_USAGE = YES_ERROR;
				CLANG_WARN_EMPTY_BODY = YES;
				CLANG_WARN_ENUM_CONVERSION = YES;
				CLANG_WARN_INT_CONVERSION = YES;
				CLANG_WARN_OBJC_ROOT_CLASS = YES_ERROR;
				CLANG_WARN__DUPLICATE_METHOD_MATCH = YES;
				CODE_SIGN_IDENTITY = "iPhone Distribution";
				"CODE_SIGN_IDENTITY[sdk=iphoneos*]" = "iPhone Distribution";
				COPY_PHASE_STRIP = YES;
				ENABLE_NS_ASSERTIONS = NO;
				GCC_C_LANGUAGE_STANDARD = gnu99;
				GCC_WARN_64_TO_32_BIT_CONVERSION = YES;
				GCC_WARN_ABOUT_RETURN_TYPE = YES_ERROR;
				GCC_WARN_UNDECLARED_SELECTOR = YES;
				GCC_WARN_UNINITIALIZED_AUTOS = YES;
				GCC_WARN_UNUSED_FUNCTION = YES;
				GCC_WARN_UNUSED_VARIABLE = YES;
				HEADER_SEARCH_PATHS = (
					"$(inherited)",
					/Applications/Xcode.app/Contents/Developer/Toolchains/XcodeDefault.xctoolchain/usr/include,
					"$(SDKROOT)/usr/include/libxml2",
				);
				IPHONEOS_DEPLOYMENT_TARGET = 6.0;
				SDKROOT = iphoneos;
				VALIDATE_PRODUCT = YES;
			};
			name = Release;
		};
		8415797F181A286900D4EBB1 /* Debug */ = {
			isa = XCBuildConfiguration;
			buildSettings = {
				ASSETCATALOG_COMPILER_APPICON_NAME = AppIcon;
				ASSETCATALOG_COMPILER_LAUNCHIMAGE_NAME = LaunchImage;
				CODE_SIGN_IDENTITY = "iPhone Developer";
				"CODE_SIGN_IDENTITY[sdk=iphoneos*]" = "iPhone Developer";
				FRAMEWORK_SEARCH_PATHS = (
					"$(inherited)",
					"$(DEVELOPER_FRAMEWORKS_DIR)",
				);
				GCC_PRECOMPILE_PREFIX_HEADER = YES;
				GCC_PREFIX_HEADER = "LiteWave/LiteWave-Prefix.pch";
				HEADER_SEARCH_PATHS = (
					"$(inherited)",
					/Applications/Xcode.app/Contents/Developer/Toolchains/XcodeDefault.xctoolchain/usr/include,
					"$(SDKROOT)/usr/include/libxml2",
				);
				INFOPLIST_FILE = "$(SRCROOT)/LiteWave/LiteWave-Info.plist";
				LIBRARY_SEARCH_PATHS = "";
				PRODUCT_BUNDLE_IDENTIFIER = com.litewaveinc.litewave;
				PRODUCT_NAME = LiteWave;
				PROVISIONING_PROFILE = "";
				TARGETED_DEVICE_FAMILY = 1;
				VALID_ARCHS = "arm64 armv7 armv7s";
				WRAPPER_EXTENSION = app;
			};
			name = Debug;
		};
		84157980181A286900D4EBB1 /* Release */ = {
			isa = XCBuildConfiguration;
			buildSettings = {
				ASSETCATALOG_COMPILER_APPICON_NAME = AppIcon;
				ASSETCATALOG_COMPILER_LAUNCHIMAGE_NAME = LaunchImage;
				CODE_SIGN_IDENTITY = "iPhone Developer";
				"CODE_SIGN_IDENTITY[sdk=iphoneos*]" = "iPhone Developer";
				FRAMEWORK_SEARCH_PATHS = (
					"$(inherited)",
					"$(DEVELOPER_FRAMEWORKS_DIR)",
				);
				GCC_PRECOMPILE_PREFIX_HEADER = YES;
				GCC_PREFIX_HEADER = "LiteWave/LiteWave-Prefix.pch";
				HEADER_SEARCH_PATHS = (
					"$(inherited)",
					/Applications/Xcode.app/Contents/Developer/Toolchains/XcodeDefault.xctoolchain/usr/include,
					"$(SDKROOT)/usr/include/libxml2",
				);
				INFOPLIST_FILE = "$(SRCROOT)/LiteWave/LiteWave-Info.plist";
				LIBRARY_SEARCH_PATHS = "";
				ONLY_ACTIVE_ARCH = NO;
				PRODUCT_BUNDLE_IDENTIFIER = com.litewaveinc.litewave;
				PRODUCT_NAME = LiteWave;
				PROVISIONING_PROFILE = "";
				TARGETED_DEVICE_FAMILY = 1;
				VALID_ARCHS = "arm64 armv7 armv7s";
				WRAPPER_EXTENSION = app;
			};
			name = Release;
		};
		84157982181A286900D4EBB1 /* Debug */ = {
			isa = XCBuildConfiguration;
			buildSettings = {
				BUNDLE_LOADER = "$(BUILT_PRODUCTS_DIR)/LiteWave.app/LiteWave";
				FRAMEWORK_SEARCH_PATHS = (
					"$(SDKROOT)/Developer/Library/Frameworks",
					"$(inherited)",
					"$(DEVELOPER_FRAMEWORKS_DIR)",
				);
				GCC_PRECOMPILE_PREFIX_HEADER = YES;
				GCC_PREFIX_HEADER = "LiteWave/LiteWave-Prefix.pch";
				GCC_PREPROCESSOR_DEFINITIONS = (
					"DEBUG=1",
					"$(inherited)",
				);
				INFOPLIST_FILE = "LiteWaveTests/LiteWaveTests-Info.plist";
				PRODUCT_BUNDLE_IDENTIFIER = "com.imobiledeveloper.${PRODUCT_NAME:rfc1034identifier}";
				PRODUCT_NAME = LiteWaveTests;
				TEST_HOST = "$(BUNDLE_LOADER)";
				WRAPPER_EXTENSION = xctest;
			};
			name = Debug;
		};
		84157983181A286900D4EBB1 /* Release */ = {
			isa = XCBuildConfiguration;
			buildSettings = {
				BUNDLE_LOADER = "$(BUILT_PRODUCTS_DIR)/LiteWave.app/LiteWave";
				FRAMEWORK_SEARCH_PATHS = (
					"$(SDKROOT)/Developer/Library/Frameworks",
					"$(inherited)",
					"$(DEVELOPER_FRAMEWORKS_DIR)",
				);
				GCC_PRECOMPILE_PREFIX_HEADER = YES;
				GCC_PREFIX_HEADER = "LiteWave/LiteWave-Prefix.pch";
				INFOPLIST_FILE = "LiteWaveTests/LiteWaveTests-Info.plist";
				ONLY_ACTIVE_ARCH = NO;
				PRODUCT_BUNDLE_IDENTIFIER = "com.imobiledeveloper.${PRODUCT_NAME:rfc1034identifier}";
				PRODUCT_NAME = LiteWaveTests;
				TEST_HOST = "$(BUNDLE_LOADER)";
				WRAPPER_EXTENSION = xctest;
			};
			name = Release;
		};
/* End XCBuildConfiguration section */

/* Begin XCConfigurationList section */
		84157947181A286800D4EBB1 /* Build configuration list for PBXProject "LiteWave" */ = {
			isa = XCConfigurationList;
			buildConfigurations = (
				8415797C181A286900D4EBB1 /* Debug */,
				8415797D181A286900D4EBB1 /* Release */,
			);
			defaultConfigurationIsVisible = 0;
			defaultConfigurationName = Release;
		};
		8415797E181A286900D4EBB1 /* Build configuration list for PBXNativeTarget "LiteWave" */ = {
			isa = XCConfigurationList;
			buildConfigurations = (
				8415797F181A286900D4EBB1 /* Debug */,
				84157980181A286900D4EBB1 /* Release */,
			);
			defaultConfigurationIsVisible = 0;
			defaultConfigurationName = Release;
		};
		84157981181A286900D4EBB1 /* Build configuration list for PBXNativeTarget "LiteWaveTests" */ = {
			isa = XCConfigurationList;
			buildConfigurations = (
				84157982181A286900D4EBB1 /* Debug */,
				84157983181A286900D4EBB1 /* Release */,
			);
			defaultConfigurationIsVisible = 0;
			defaultConfigurationName = Release;
		};
/* End XCConfigurationList section */
	};
	rootObject = 84157944181A286800D4EBB1 /* Project object */;
}
